
Microsoft Visual Studio Solution File, Format Version 12.00
# Visual Studio Version 17
VisualStudioVersion = 17.11.35327.3
MinimumVisualStudioVersion = 10.0.40219.1
Project("{2150E333-8FDC-42A3-9474-1A3956D46DE8}") = "src", "src", "{74636A63-AB16-4950-BF0D-966FBFF79B83}"
EndProject
Project("{FAE04EC0-301F-11D3-BF4B-00C04F79EFBC}") = "CustomCADs.Presentation", "src\Presentation\CustomCADs.Presentation.csproj", "{6D78955B-643A-41AE-AD5C-4873E04C8FB6}"
EndProject
Project("{2150E333-8FDC-42A3-9474-1A3956D46DE8}") = "Modules", "Modules", "{8CF3001A-FDE9-4E6A-A642-83480DB4B117}"
EndProject
Project("{2150E333-8FDC-42A3-9474-1A3956D46DE8}") = "Accounts", "Accounts", "{C255994B-1706-4A2F-9914-E6E7AF76E160}"
EndProject
Project("{FAE04EC0-301F-11D3-BF4B-00C04F79EFBC}") = "CustomCADs.Accounts.Domain", "src\Modules\Accounts\Domain\CustomCADs.Accounts.Domain.csproj", "{798B125C-C333-4F12-ACEF-54771CD02C44}"
EndProject
Project("{FAE04EC0-301F-11D3-BF4B-00C04F79EFBC}") = "CustomCADs.Accounts.Persistence", "src\Modules\Accounts\Persistence\CustomCADs.Accounts.Persistence.csproj", "{3BA95306-7396-455B-BCEE-9FFFFBE376D5}"
EndProject
Project("{FAE04EC0-301F-11D3-BF4B-00C04F79EFBC}") = "CustomCADs.Accounts.Application", "src\Modules\Accounts\Application\CustomCADs.Accounts.Application.csproj", "{331CC2FC-2FDA-471E-B6ED-A6990C4BF764}"
EndProject
Project("{FAE04EC0-301F-11D3-BF4B-00C04F79EFBC}") = "CustomCADs.Accounts.Endpoints", "src\Modules\Accounts\Endpoints\CustomCADs.Accounts.Endpoints.csproj", "{1F4739F9-E465-4B4F-9389-A3AB00C50C88}"
EndProject
Project("{2150E333-8FDC-42A3-9474-1A3956D46DE8}") = "Carts", "Carts", "{1B43516D-6E04-4D3D-985E-7C58C539FD43}"
EndProject
Project("{FAE04EC0-301F-11D3-BF4B-00C04F79EFBC}") = "CustomCADs.Carts.Domain", "src\Modules\Carts\Domain\CustomCADs.Carts.Domain.csproj", "{802FDBC9-34EC-4815-BFE5-120AEB0877D8}"
EndProject
Project("{FAE04EC0-301F-11D3-BF4B-00C04F79EFBC}") = "CustomCADs.Carts.Persistence", "src\Modules\Carts\Persistence\CustomCADs.Carts.Persistence.csproj", "{E1B0C3A3-B83B-40D2-B05C-FD10872B4DDF}"
EndProject
Project("{FAE04EC0-301F-11D3-BF4B-00C04F79EFBC}") = "CustomCADs.Carts.Application", "src\Modules\Carts\Application\CustomCADs.Carts.Application.csproj", "{125AA0FA-BC2E-4F50-8F56-48E53AB67C33}"
EndProject
Project("{FAE04EC0-301F-11D3-BF4B-00C04F79EFBC}") = "CustomCADs.Carts.Endpoints", "src\Modules\Carts\Endpoints\CustomCADs.Carts.Endpoints.csproj", "{30838EC6-FB31-48AA-818E-2ECB4D08F804}"
EndProject
Project("{2150E333-8FDC-42A3-9474-1A3956D46DE8}") = "Catalog", "Catalog", "{EAD49EE4-2D62-4861-90BA-3EE8643EA8A2}"
EndProject
Project("{FAE04EC0-301F-11D3-BF4B-00C04F79EFBC}") = "CustomCADs.Catalog.Domain", "src\Modules\Catalog\Domain\CustomCADs.Catalog.Domain.csproj", "{3A857019-7F17-42D0-9E38-A96EE1DC14F6}"
EndProject
Project("{FAE04EC0-301F-11D3-BF4B-00C04F79EFBC}") = "CustomCADs.Catalog.Persistence", "src\Modules\Catalog\Persistence\CustomCADs.Catalog.Persistence.csproj", "{7207EB2D-03E4-4F78-8EF3-0229132DE58A}"
EndProject
Project("{FAE04EC0-301F-11D3-BF4B-00C04F79EFBC}") = "CustomCADs.Catalog.Application", "src\Modules\Catalog\Application\CustomCADs.Catalog.Application.csproj", "{BF63A15E-DF81-4808-99AE-FC2FADF78F86}"
EndProject
Project("{FAE04EC0-301F-11D3-BF4B-00C04F79EFBC}") = "CustomCADs.Catalog.Endpoints", "src\Modules\Catalog\Endpoints\CustomCADs.Catalog.Endpoints.csproj", "{AE1552EC-E287-46A6-AED5-F066C3C86371}"
EndProject
Project("{2150E333-8FDC-42A3-9474-1A3956D46DE8}") = "Printing", "Printing", "{02EA681E-C7D8-13C7-8484-4AC65E1B71E8}"
EndProject
Project("{FAE04EC0-301F-11D3-BF4B-00C04F79EFBC}") = "CustomCADs.Printing.Domain", "src\Modules\Printing\Domain\CustomCADs.Printing.Domain.csproj", "{B710F086-57DA-2847-2554-96D66FC0C2AA}"
EndProject
Project("{FAE04EC0-301F-11D3-BF4B-00C04F79EFBC}") = "CustomCADs.Printing.Persistence", "src\Modules\Printing\Persistence\CustomCADs.Printing.Persistence.csproj", "{26F61837-4580-8DCC-907F-899D52DBF071}"
EndProject
Project("{FAE04EC0-301F-11D3-BF4B-00C04F79EFBC}") = "CustomCADs.Printing.Application", "src\Modules\Printing\Application\CustomCADs.Printing.Application.csproj", "{108B5FF5-407F-A43F-CD24-E8A87670F98F}"
EndProject
Project("{FAE04EC0-301F-11D3-BF4B-00C04F79EFBC}") = "CustomCADs.Printing.Endpoints", "src\Modules\Printing\Endpoints\CustomCADs.Printing.Endpoints.csproj", "{7D38BD0E-7DA1-F775-452F-2122A63F08C9}"
EndProject
Project("{2150E333-8FDC-42A3-9474-1A3956D46DE8}") = "Customs", "Customs", "{D1102EDC-3CD4-469F-9513-ACB6BD45AB66}"
EndProject
Project("{FAE04EC0-301F-11D3-BF4B-00C04F79EFBC}") = "CustomCADs.Customs.Domain", "src\Modules\Customs\Domain\CustomCADs.Customs.Domain.csproj", "{3E3BBDEC-41F4-4E94-9855-9138514CB999}"
EndProject
Project("{FAE04EC0-301F-11D3-BF4B-00C04F79EFBC}") = "CustomCADs.Customs.Persistence", "src\Modules\Customs\Persistence\CustomCADs.Customs.Persistence.csproj", "{B61E9090-A648-2FE5-AE29-769E0692573A}"
EndProject
Project("{FAE04EC0-301F-11D3-BF4B-00C04F79EFBC}") = "CustomCADs.Customs.Application", "src\Modules\Customs\Application\CustomCADs.Customs.Application.csproj", "{B40E19DC-B414-C52A-AD87-F72D3E5F4481}"
EndProject
Project("{FAE04EC0-301F-11D3-BF4B-00C04F79EFBC}") = "CustomCADs.Customs.Endpoints", "src\Modules\Customs\Endpoints\CustomCADs.Customs.Endpoints.csproj", "{AA5CC983-2FBD-650A-DF45-C6F743B13A34}"
EndProject
Project("{2150E333-8FDC-42A3-9474-1A3956D46DE8}") = "Delivery", "Delivery", "{1513C1BF-03E4-4D56-8A24-56241B6939F1}"
EndProject
Project("{FAE04EC0-301F-11D3-BF4B-00C04F79EFBC}") = "CustomCADs.Delivery.Domain", "src\Modules\Delivery\Domain\CustomCADs.Delivery.Domain.csproj", "{CE75DB89-0B2A-4732-92BE-E23290B2B883}"
EndProject
Project("{FAE04EC0-301F-11D3-BF4B-00C04F79EFBC}") = "CustomCADs.Delivery.Persistence", "src\Modules\Delivery\Persistence\CustomCADs.Delivery.Persistence.csproj", "{4E365D30-F623-495A-8020-02D457DB6632}"
EndProject
Project("{FAE04EC0-301F-11D3-BF4B-00C04F79EFBC}") = "CustomCADs.Delivery.Application", "src\Modules\Delivery\Application\CustomCADs.Delivery.Application.csproj", "{1CA2BE07-9385-487B-BDD8-A1C0A0CFD2D1}"
EndProject
Project("{FAE04EC0-301F-11D3-BF4B-00C04F79EFBC}") = "CustomCADs.Delivery.Infrastructure", "src\Modules\Delivery\Infrastructure\CustomCADs.Delivery.Infrastructure.csproj", "{D33C0977-9722-421B-AF25-9CEC94AE1562}"
EndProject
Project("{FAE04EC0-301F-11D3-BF4B-00C04F79EFBC}") = "CustomCADs.Delivery.Endpoints", "src\Modules\Delivery\Endpoints\CustomCADs.Delivery.Endpoints.csproj", "{19EA3CA0-C124-454C-9993-B51EF9C808A4}"
EndProject
Project("{2150E333-8FDC-42A3-9474-1A3956D46DE8}") = "Files", "Files", "{C554CFC4-74AA-45C8-A62C-C714AE2E6A16}"
EndProject
Project("{FAE04EC0-301F-11D3-BF4B-00C04F79EFBC}") = "CustomCADs.Files.Domain", "src\Modules\Files\Domain\CustomCADs.Files.Domain.csproj", "{EABD8F12-4FB1-4EAC-9B61-B8BD9E4483D5}"
EndProject
Project("{FAE04EC0-301F-11D3-BF4B-00C04F79EFBC}") = "CustomCADs.Files.Persistence", "src\Modules\Files\Persistence\CustomCADs.Files.Persistence.csproj", "{A04F3EE1-26DA-4877-A522-A74D5533B606}"
EndProject
Project("{FAE04EC0-301F-11D3-BF4B-00C04F79EFBC}") = "CustomCADs.Files.Application", "src\Modules\Files\Application\CustomCADs.Files.Application.csproj", "{0A8BC426-18EE-40EC-B2C1-49B6D78B30DC}"
EndProject
Project("{FAE04EC0-301F-11D3-BF4B-00C04F79EFBC}") = "CustomCADs.Files.Infrastructure", "src\Modules\Files\Infrastructure\CustomCADs.Files.Infrastructure.csproj", "{EC65ABD0-332D-435E-8F86-BC6F1702D175}"
EndProject
Project("{2150E333-8FDC-42A3-9474-1A3956D46DE8}") = "Idempotency", "Idempotency", "{F0B6DE86-B080-2A94-AC3D-E478B2AFB247}"
EndProject
Project("{FAE04EC0-301F-11D3-BF4B-00C04F79EFBC}") = "CustomCADs.Idempotency.Domain", "src\Modules\Idempotency\Domain\CustomCADs.Idempotency.Domain.csproj", "{8AFE5655-4D17-409D-AE62-243940D5D157}"
EndProject
Project("{FAE04EC0-301F-11D3-BF4B-00C04F79EFBC}") = "CustomCADs.Idempotency.Persistence", "src\Modules\Idempotency\Persistence\CustomCADs.Idempotency.Persistence.csproj", "{DEB02B2C-8303-4C57-B86C-7456913B1A85}"
EndProject
Project("{FAE04EC0-301F-11D3-BF4B-00C04F79EFBC}") = "CustomCADs.Idempotency.Application", "src\Modules\Idempotency\Application\CustomCADs.Idempotency.Application.csproj", "{F185923D-764D-4DA7-A72B-D0ADE485F3A9}"
EndProject
Project("{FAE04EC0-301F-11D3-BF4B-00C04F79EFBC}") = "CustomCADs.Idempotency.Endpoints", "src\Modules\Idempotency\Endpoints\CustomCADs.Idempotency.Endpoints.csproj", "{D3734A53-493D-490A-9281-0E8DF6E8D4D5}"
EndProject
Project("{2150E333-8FDC-42A3-9474-1A3956D46DE8}") = "Identity", "Identity", "{B8814A68-C612-4FF5-AE28-FFEC8A225A62}"
EndProject
Project("{FAE04EC0-301F-11D3-BF4B-00C04F79EFBC}") = "CustomCADs.Identity.Domain", "src\Modules\Identity\Domain\CustomCADs.Identity.Domain.csproj", "{CF02A6A6-4D7C-4229-82BC-CFA77DFBA39B}"
EndProject
Project("{FAE04EC0-301F-11D3-BF4B-00C04F79EFBC}") = "CustomCADs.Identity.Application", "src\Modules\Identity\Application\CustomCADs.Identity.Application.csproj", "{5580B332-229C-4C4A-88BF-506E5A7653FC}"
EndProject
Project("{FAE04EC0-301F-11D3-BF4B-00C04F79EFBC}") = "CustomCADs.Identity.Infrastructure", "src\Modules\Identity\Infrastructure\CustomCADs.Identity.Infrastructure.csproj", "{61F88BBB-5E99-4191-8188-9F94ADA4ECDE}"
EndProject
Project("{FAE04EC0-301F-11D3-BF4B-00C04F79EFBC}") = "CustomCADs.Identity.Endpoints", "src\Modules\Identity\Endpoints\CustomCADs.Identity.Endpoints.csproj", "{63B548BD-A6B8-467C-B823-A1E8FB87DBA0}"
EndProject
Project("{2150E333-8FDC-42A3-9474-1A3956D46DE8}") = "Shared", "Shared", "{C1CBD8F6-DA83-433C-91B3-4AE8C9DF8A10}"
EndProject
Project("{FAE04EC0-301F-11D3-BF4B-00C04F79EFBC}") = "CustomCADs.Shared.Application", "src\Shared\Application\CustomCADs.Shared.Application.csproj", "{8D4FDD59-59F3-420D-B1FB-85179A65E010}"
EndProject
Project("{FAE04EC0-301F-11D3-BF4B-00C04F79EFBC}") = "CustomCADs.Shared.Endpoints", "src\Shared\Endpoints\CustomCADs.Shared.Endpoints.csproj", "{C6D29595-ED6B-4230-8410-7272263B17B1}"
EndProject
Project("{FAE04EC0-301F-11D3-BF4B-00C04F79EFBC}") = "CustomCADs.Shared.Domain", "src\Shared\Domain\CustomCADs.Shared.Domain.csproj", "{28171FBC-1B4C-4918-BA00-2C727F437B4D}"
EndProject
Project("{FAE04EC0-301F-11D3-BF4B-00C04F79EFBC}") = "CustomCADs.Shared.Infrastructure", "src\Shared\Infrastructure\CustomCADs.Shared.Infrastructure.csproj", "{E3CABE8C-7CA8-419B-ACEA-BA489E509C76}"
EndProject
Project("{FAE04EC0-301F-11D3-BF4B-00C04F79EFBC}") = "CustomCADs.Shared.Persistence", "src\Shared\Persistence\CustomCADs.Shared.Persistence.csproj", "{A4145A0C-3EAA-48A9-8BEF-318D1579ED58}"
EndProject
Project("{2150E333-8FDC-42A3-9474-1A3956D46DE8}") = "Tools", "Tools", "{F67E7870-8219-9EC9-916E-B9F4BD6F71AB}"
EndProject
Project("{FAE04EC0-301F-11D3-BF4B-00C04F79EFBC}") = "CustomCADs.Tools.Migrations", "src\Tools\Migrations\CustomCADs.Tools.Migrations.csproj", "{2AAB9F36-14E5-4786-9B30-D11B14117FD5}"
EndProject
Project("{FAE04EC0-301F-11D3-BF4B-00C04F79EFBC}") = "CustomCADs.Tools.CodeGen", "src\Tools\CodeGen\CustomCADs.Tools.CodeGen.csproj", "{B493FBDD-10AA-430F-84C8-A15AD0E762F2}"
EndProject
Global
	GlobalSection(SolutionConfigurationPlatforms) = preSolution
		Debug|Any CPU = Debug|Any CPU
		Debug|x64 = Debug|x64
		Debug|x86 = Debug|x86
		Release|Any CPU = Release|Any CPU
		Release|x64 = Release|x64
		Release|x86 = Release|x86
	EndGlobalSection
	GlobalSection(ProjectConfigurationPlatforms) = postSolution
		{6D78955B-643A-41AE-AD5C-4873E04C8FB6}.Debug|Any CPU.ActiveCfg = Debug|Any CPU
		{6D78955B-643A-41AE-AD5C-4873E04C8FB6}.Debug|Any CPU.Build.0 = Debug|Any CPU
		{6D78955B-643A-41AE-AD5C-4873E04C8FB6}.Debug|x64.ActiveCfg = Debug|Any CPU
		{6D78955B-643A-41AE-AD5C-4873E04C8FB6}.Debug|x64.Build.0 = Debug|Any CPU
		{6D78955B-643A-41AE-AD5C-4873E04C8FB6}.Debug|x86.ActiveCfg = Debug|Any CPU
		{6D78955B-643A-41AE-AD5C-4873E04C8FB6}.Debug|x86.Build.0 = Debug|Any CPU
		{6D78955B-643A-41AE-AD5C-4873E04C8FB6}.Release|Any CPU.ActiveCfg = Release|Any CPU
		{6D78955B-643A-41AE-AD5C-4873E04C8FB6}.Release|Any CPU.Build.0 = Release|Any CPU
		{6D78955B-643A-41AE-AD5C-4873E04C8FB6}.Release|x64.ActiveCfg = Release|Any CPU
		{6D78955B-643A-41AE-AD5C-4873E04C8FB6}.Release|x64.Build.0 = Release|Any CPU
		{6D78955B-643A-41AE-AD5C-4873E04C8FB6}.Release|x86.ActiveCfg = Release|Any CPU
		{6D78955B-643A-41AE-AD5C-4873E04C8FB6}.Release|x86.Build.0 = Release|Any CPU
		{798B125C-C333-4F12-ACEF-54771CD02C44}.Debug|Any CPU.ActiveCfg = Debug|Any CPU
		{798B125C-C333-4F12-ACEF-54771CD02C44}.Debug|Any CPU.Build.0 = Debug|Any CPU
		{798B125C-C333-4F12-ACEF-54771CD02C44}.Debug|x64.ActiveCfg = Debug|Any CPU
		{798B125C-C333-4F12-ACEF-54771CD02C44}.Debug|x64.Build.0 = Debug|Any CPU
		{798B125C-C333-4F12-ACEF-54771CD02C44}.Debug|x86.ActiveCfg = Debug|Any CPU
		{798B125C-C333-4F12-ACEF-54771CD02C44}.Debug|x86.Build.0 = Debug|Any CPU
		{798B125C-C333-4F12-ACEF-54771CD02C44}.Release|Any CPU.ActiveCfg = Release|Any CPU
		{798B125C-C333-4F12-ACEF-54771CD02C44}.Release|Any CPU.Build.0 = Release|Any CPU
		{798B125C-C333-4F12-ACEF-54771CD02C44}.Release|x64.ActiveCfg = Release|Any CPU
		{798B125C-C333-4F12-ACEF-54771CD02C44}.Release|x64.Build.0 = Release|Any CPU
		{798B125C-C333-4F12-ACEF-54771CD02C44}.Release|x86.ActiveCfg = Release|Any CPU
		{798B125C-C333-4F12-ACEF-54771CD02C44}.Release|x86.Build.0 = Release|Any CPU
		{3BA95306-7396-455B-BCEE-9FFFFBE376D5}.Debug|Any CPU.ActiveCfg = Debug|Any CPU
		{3BA95306-7396-455B-BCEE-9FFFFBE376D5}.Debug|Any CPU.Build.0 = Debug|Any CPU
		{3BA95306-7396-455B-BCEE-9FFFFBE376D5}.Debug|x64.ActiveCfg = Debug|Any CPU
		{3BA95306-7396-455B-BCEE-9FFFFBE376D5}.Debug|x64.Build.0 = Debug|Any CPU
		{3BA95306-7396-455B-BCEE-9FFFFBE376D5}.Debug|x86.ActiveCfg = Debug|Any CPU
		{3BA95306-7396-455B-BCEE-9FFFFBE376D5}.Debug|x86.Build.0 = Debug|Any CPU
		{3BA95306-7396-455B-BCEE-9FFFFBE376D5}.Release|Any CPU.ActiveCfg = Release|Any CPU
		{3BA95306-7396-455B-BCEE-9FFFFBE376D5}.Release|Any CPU.Build.0 = Release|Any CPU
		{3BA95306-7396-455B-BCEE-9FFFFBE376D5}.Release|x64.ActiveCfg = Release|Any CPU
		{3BA95306-7396-455B-BCEE-9FFFFBE376D5}.Release|x64.Build.0 = Release|Any CPU
		{3BA95306-7396-455B-BCEE-9FFFFBE376D5}.Release|x86.ActiveCfg = Release|Any CPU
		{3BA95306-7396-455B-BCEE-9FFFFBE376D5}.Release|x86.Build.0 = Release|Any CPU
		{331CC2FC-2FDA-471E-B6ED-A6990C4BF764}.Debug|Any CPU.ActiveCfg = Debug|Any CPU
		{331CC2FC-2FDA-471E-B6ED-A6990C4BF764}.Debug|Any CPU.Build.0 = Debug|Any CPU
		{331CC2FC-2FDA-471E-B6ED-A6990C4BF764}.Debug|x64.ActiveCfg = Debug|Any CPU
		{331CC2FC-2FDA-471E-B6ED-A6990C4BF764}.Debug|x64.Build.0 = Debug|Any CPU
		{331CC2FC-2FDA-471E-B6ED-A6990C4BF764}.Debug|x86.ActiveCfg = Debug|Any CPU
		{331CC2FC-2FDA-471E-B6ED-A6990C4BF764}.Debug|x86.Build.0 = Debug|Any CPU
		{331CC2FC-2FDA-471E-B6ED-A6990C4BF764}.Release|Any CPU.ActiveCfg = Release|Any CPU
		{331CC2FC-2FDA-471E-B6ED-A6990C4BF764}.Release|Any CPU.Build.0 = Release|Any CPU
		{331CC2FC-2FDA-471E-B6ED-A6990C4BF764}.Release|x64.ActiveCfg = Release|Any CPU
		{331CC2FC-2FDA-471E-B6ED-A6990C4BF764}.Release|x64.Build.0 = Release|Any CPU
		{331CC2FC-2FDA-471E-B6ED-A6990C4BF764}.Release|x86.ActiveCfg = Release|Any CPU
		{331CC2FC-2FDA-471E-B6ED-A6990C4BF764}.Release|x86.Build.0 = Release|Any CPU
		{1F4739F9-E465-4B4F-9389-A3AB00C50C88}.Debug|Any CPU.ActiveCfg = Debug|Any CPU
		{1F4739F9-E465-4B4F-9389-A3AB00C50C88}.Debug|Any CPU.Build.0 = Debug|Any CPU
		{1F4739F9-E465-4B4F-9389-A3AB00C50C88}.Debug|x64.ActiveCfg = Debug|Any CPU
		{1F4739F9-E465-4B4F-9389-A3AB00C50C88}.Debug|x64.Build.0 = Debug|Any CPU
		{1F4739F9-E465-4B4F-9389-A3AB00C50C88}.Debug|x86.ActiveCfg = Debug|Any CPU
		{1F4739F9-E465-4B4F-9389-A3AB00C50C88}.Debug|x86.Build.0 = Debug|Any CPU
		{1F4739F9-E465-4B4F-9389-A3AB00C50C88}.Release|Any CPU.ActiveCfg = Release|Any CPU
		{1F4739F9-E465-4B4F-9389-A3AB00C50C88}.Release|Any CPU.Build.0 = Release|Any CPU
		{1F4739F9-E465-4B4F-9389-A3AB00C50C88}.Release|x64.ActiveCfg = Release|Any CPU
		{1F4739F9-E465-4B4F-9389-A3AB00C50C88}.Release|x64.Build.0 = Release|Any CPU
		{1F4739F9-E465-4B4F-9389-A3AB00C50C88}.Release|x86.ActiveCfg = Release|Any CPU
		{1F4739F9-E465-4B4F-9389-A3AB00C50C88}.Release|x86.Build.0 = Release|Any CPU
		{802FDBC9-34EC-4815-BFE5-120AEB0877D8}.Debug|Any CPU.ActiveCfg = Debug|Any CPU
		{802FDBC9-34EC-4815-BFE5-120AEB0877D8}.Debug|Any CPU.Build.0 = Debug|Any CPU
		{802FDBC9-34EC-4815-BFE5-120AEB0877D8}.Debug|x64.ActiveCfg = Debug|Any CPU
		{802FDBC9-34EC-4815-BFE5-120AEB0877D8}.Debug|x64.Build.0 = Debug|Any CPU
		{802FDBC9-34EC-4815-BFE5-120AEB0877D8}.Debug|x86.ActiveCfg = Debug|Any CPU
		{802FDBC9-34EC-4815-BFE5-120AEB0877D8}.Debug|x86.Build.0 = Debug|Any CPU
		{802FDBC9-34EC-4815-BFE5-120AEB0877D8}.Release|Any CPU.ActiveCfg = Release|Any CPU
		{802FDBC9-34EC-4815-BFE5-120AEB0877D8}.Release|Any CPU.Build.0 = Release|Any CPU
		{802FDBC9-34EC-4815-BFE5-120AEB0877D8}.Release|x64.ActiveCfg = Release|Any CPU
		{802FDBC9-34EC-4815-BFE5-120AEB0877D8}.Release|x64.Build.0 = Release|Any CPU
		{802FDBC9-34EC-4815-BFE5-120AEB0877D8}.Release|x86.ActiveCfg = Release|Any CPU
		{802FDBC9-34EC-4815-BFE5-120AEB0877D8}.Release|x86.Build.0 = Release|Any CPU
		{E1B0C3A3-B83B-40D2-B05C-FD10872B4DDF}.Debug|Any CPU.ActiveCfg = Debug|Any CPU
		{E1B0C3A3-B83B-40D2-B05C-FD10872B4DDF}.Debug|Any CPU.Build.0 = Debug|Any CPU
		{E1B0C3A3-B83B-40D2-B05C-FD10872B4DDF}.Debug|x64.ActiveCfg = Debug|Any CPU
		{E1B0C3A3-B83B-40D2-B05C-FD10872B4DDF}.Debug|x64.Build.0 = Debug|Any CPU
		{E1B0C3A3-B83B-40D2-B05C-FD10872B4DDF}.Debug|x86.ActiveCfg = Debug|Any CPU
		{E1B0C3A3-B83B-40D2-B05C-FD10872B4DDF}.Debug|x86.Build.0 = Debug|Any CPU
		{E1B0C3A3-B83B-40D2-B05C-FD10872B4DDF}.Release|Any CPU.ActiveCfg = Release|Any CPU
		{E1B0C3A3-B83B-40D2-B05C-FD10872B4DDF}.Release|Any CPU.Build.0 = Release|Any CPU
		{E1B0C3A3-B83B-40D2-B05C-FD10872B4DDF}.Release|x64.ActiveCfg = Release|Any CPU
		{E1B0C3A3-B83B-40D2-B05C-FD10872B4DDF}.Release|x64.Build.0 = Release|Any CPU
		{E1B0C3A3-B83B-40D2-B05C-FD10872B4DDF}.Release|x86.ActiveCfg = Release|Any CPU
		{E1B0C3A3-B83B-40D2-B05C-FD10872B4DDF}.Release|x86.Build.0 = Release|Any CPU
		{125AA0FA-BC2E-4F50-8F56-48E53AB67C33}.Debug|Any CPU.ActiveCfg = Debug|Any CPU
		{125AA0FA-BC2E-4F50-8F56-48E53AB67C33}.Debug|Any CPU.Build.0 = Debug|Any CPU
		{125AA0FA-BC2E-4F50-8F56-48E53AB67C33}.Debug|x64.ActiveCfg = Debug|Any CPU
		{125AA0FA-BC2E-4F50-8F56-48E53AB67C33}.Debug|x64.Build.0 = Debug|Any CPU
		{125AA0FA-BC2E-4F50-8F56-48E53AB67C33}.Debug|x86.ActiveCfg = Debug|Any CPU
		{125AA0FA-BC2E-4F50-8F56-48E53AB67C33}.Debug|x86.Build.0 = Debug|Any CPU
		{125AA0FA-BC2E-4F50-8F56-48E53AB67C33}.Release|Any CPU.ActiveCfg = Release|Any CPU
		{125AA0FA-BC2E-4F50-8F56-48E53AB67C33}.Release|Any CPU.Build.0 = Release|Any CPU
		{125AA0FA-BC2E-4F50-8F56-48E53AB67C33}.Release|x64.ActiveCfg = Release|Any CPU
		{125AA0FA-BC2E-4F50-8F56-48E53AB67C33}.Release|x64.Build.0 = Release|Any CPU
		{125AA0FA-BC2E-4F50-8F56-48E53AB67C33}.Release|x86.ActiveCfg = Release|Any CPU
		{125AA0FA-BC2E-4F50-8F56-48E53AB67C33}.Release|x86.Build.0 = Release|Any CPU
		{30838EC6-FB31-48AA-818E-2ECB4D08F804}.Debug|Any CPU.ActiveCfg = Debug|Any CPU
		{30838EC6-FB31-48AA-818E-2ECB4D08F804}.Debug|Any CPU.Build.0 = Debug|Any CPU
		{30838EC6-FB31-48AA-818E-2ECB4D08F804}.Debug|x64.ActiveCfg = Debug|Any CPU
		{30838EC6-FB31-48AA-818E-2ECB4D08F804}.Debug|x64.Build.0 = Debug|Any CPU
		{30838EC6-FB31-48AA-818E-2ECB4D08F804}.Debug|x86.ActiveCfg = Debug|Any CPU
		{30838EC6-FB31-48AA-818E-2ECB4D08F804}.Debug|x86.Build.0 = Debug|Any CPU
		{30838EC6-FB31-48AA-818E-2ECB4D08F804}.Release|Any CPU.ActiveCfg = Release|Any CPU
		{30838EC6-FB31-48AA-818E-2ECB4D08F804}.Release|Any CPU.Build.0 = Release|Any CPU
		{30838EC6-FB31-48AA-818E-2ECB4D08F804}.Release|x64.ActiveCfg = Release|Any CPU
		{30838EC6-FB31-48AA-818E-2ECB4D08F804}.Release|x64.Build.0 = Release|Any CPU
		{30838EC6-FB31-48AA-818E-2ECB4D08F804}.Release|x86.ActiveCfg = Release|Any CPU
		{30838EC6-FB31-48AA-818E-2ECB4D08F804}.Release|x86.Build.0 = Release|Any CPU
		{3A857019-7F17-42D0-9E38-A96EE1DC14F6}.Debug|Any CPU.ActiveCfg = Debug|Any CPU
		{3A857019-7F17-42D0-9E38-A96EE1DC14F6}.Debug|Any CPU.Build.0 = Debug|Any CPU
		{3A857019-7F17-42D0-9E38-A96EE1DC14F6}.Debug|x64.ActiveCfg = Debug|Any CPU
		{3A857019-7F17-42D0-9E38-A96EE1DC14F6}.Debug|x64.Build.0 = Debug|Any CPU
		{3A857019-7F17-42D0-9E38-A96EE1DC14F6}.Debug|x86.ActiveCfg = Debug|Any CPU
		{3A857019-7F17-42D0-9E38-A96EE1DC14F6}.Debug|x86.Build.0 = Debug|Any CPU
		{3A857019-7F17-42D0-9E38-A96EE1DC14F6}.Release|Any CPU.ActiveCfg = Release|Any CPU
		{3A857019-7F17-42D0-9E38-A96EE1DC14F6}.Release|Any CPU.Build.0 = Release|Any CPU
		{3A857019-7F17-42D0-9E38-A96EE1DC14F6}.Release|x64.ActiveCfg = Release|Any CPU
		{3A857019-7F17-42D0-9E38-A96EE1DC14F6}.Release|x64.Build.0 = Release|Any CPU
		{3A857019-7F17-42D0-9E38-A96EE1DC14F6}.Release|x86.ActiveCfg = Release|Any CPU
		{3A857019-7F17-42D0-9E38-A96EE1DC14F6}.Release|x86.Build.0 = Release|Any CPU
		{7207EB2D-03E4-4F78-8EF3-0229132DE58A}.Debug|Any CPU.ActiveCfg = Debug|Any CPU
		{7207EB2D-03E4-4F78-8EF3-0229132DE58A}.Debug|Any CPU.Build.0 = Debug|Any CPU
		{7207EB2D-03E4-4F78-8EF3-0229132DE58A}.Debug|x64.ActiveCfg = Debug|Any CPU
		{7207EB2D-03E4-4F78-8EF3-0229132DE58A}.Debug|x64.Build.0 = Debug|Any CPU
		{7207EB2D-03E4-4F78-8EF3-0229132DE58A}.Debug|x86.ActiveCfg = Debug|Any CPU
		{7207EB2D-03E4-4F78-8EF3-0229132DE58A}.Debug|x86.Build.0 = Debug|Any CPU
		{7207EB2D-03E4-4F78-8EF3-0229132DE58A}.Release|Any CPU.ActiveCfg = Release|Any CPU
		{7207EB2D-03E4-4F78-8EF3-0229132DE58A}.Release|Any CPU.Build.0 = Release|Any CPU
		{7207EB2D-03E4-4F78-8EF3-0229132DE58A}.Release|x64.ActiveCfg = Release|Any CPU
		{7207EB2D-03E4-4F78-8EF3-0229132DE58A}.Release|x64.Build.0 = Release|Any CPU
		{7207EB2D-03E4-4F78-8EF3-0229132DE58A}.Release|x86.ActiveCfg = Release|Any CPU
		{7207EB2D-03E4-4F78-8EF3-0229132DE58A}.Release|x86.Build.0 = Release|Any CPU
		{BF63A15E-DF81-4808-99AE-FC2FADF78F86}.Debug|Any CPU.ActiveCfg = Debug|Any CPU
		{BF63A15E-DF81-4808-99AE-FC2FADF78F86}.Debug|Any CPU.Build.0 = Debug|Any CPU
		{BF63A15E-DF81-4808-99AE-FC2FADF78F86}.Debug|x64.ActiveCfg = Debug|Any CPU
		{BF63A15E-DF81-4808-99AE-FC2FADF78F86}.Debug|x64.Build.0 = Debug|Any CPU
		{BF63A15E-DF81-4808-99AE-FC2FADF78F86}.Debug|x86.ActiveCfg = Debug|Any CPU
		{BF63A15E-DF81-4808-99AE-FC2FADF78F86}.Debug|x86.Build.0 = Debug|Any CPU
		{BF63A15E-DF81-4808-99AE-FC2FADF78F86}.Release|Any CPU.ActiveCfg = Release|Any CPU
		{BF63A15E-DF81-4808-99AE-FC2FADF78F86}.Release|Any CPU.Build.0 = Release|Any CPU
		{BF63A15E-DF81-4808-99AE-FC2FADF78F86}.Release|x64.ActiveCfg = Release|Any CPU
		{BF63A15E-DF81-4808-99AE-FC2FADF78F86}.Release|x64.Build.0 = Release|Any CPU
		{BF63A15E-DF81-4808-99AE-FC2FADF78F86}.Release|x86.ActiveCfg = Release|Any CPU
		{BF63A15E-DF81-4808-99AE-FC2FADF78F86}.Release|x86.Build.0 = Release|Any CPU
		{AE1552EC-E287-46A6-AED5-F066C3C86371}.Debug|Any CPU.ActiveCfg = Debug|Any CPU
		{AE1552EC-E287-46A6-AED5-F066C3C86371}.Debug|Any CPU.Build.0 = Debug|Any CPU
		{AE1552EC-E287-46A6-AED5-F066C3C86371}.Debug|x64.ActiveCfg = Debug|Any CPU
		{AE1552EC-E287-46A6-AED5-F066C3C86371}.Debug|x64.Build.0 = Debug|Any CPU
		{AE1552EC-E287-46A6-AED5-F066C3C86371}.Debug|x86.ActiveCfg = Debug|Any CPU
		{AE1552EC-E287-46A6-AED5-F066C3C86371}.Debug|x86.Build.0 = Debug|Any CPU
		{AE1552EC-E287-46A6-AED5-F066C3C86371}.Release|Any CPU.ActiveCfg = Release|Any CPU
		{AE1552EC-E287-46A6-AED5-F066C3C86371}.Release|Any CPU.Build.0 = Release|Any CPU
		{AE1552EC-E287-46A6-AED5-F066C3C86371}.Release|x64.ActiveCfg = Release|Any CPU
		{AE1552EC-E287-46A6-AED5-F066C3C86371}.Release|x64.Build.0 = Release|Any CPU
		{AE1552EC-E287-46A6-AED5-F066C3C86371}.Release|x86.ActiveCfg = Release|Any CPU
		{AE1552EC-E287-46A6-AED5-F066C3C86371}.Release|x86.Build.0 = Release|Any CPU
		{B710F086-57DA-2847-2554-96D66FC0C2AA}.Debug|Any CPU.ActiveCfg = Debug|Any CPU
		{B710F086-57DA-2847-2554-96D66FC0C2AA}.Debug|Any CPU.Build.0 = Debug|Any CPU
		{B710F086-57DA-2847-2554-96D66FC0C2AA}.Debug|x64.ActiveCfg = Debug|Any CPU
		{B710F086-57DA-2847-2554-96D66FC0C2AA}.Debug|x64.Build.0 = Debug|Any CPU
		{B710F086-57DA-2847-2554-96D66FC0C2AA}.Debug|x86.ActiveCfg = Debug|Any CPU
		{B710F086-57DA-2847-2554-96D66FC0C2AA}.Debug|x86.Build.0 = Debug|Any CPU
		{B710F086-57DA-2847-2554-96D66FC0C2AA}.Release|Any CPU.ActiveCfg = Release|Any CPU
		{B710F086-57DA-2847-2554-96D66FC0C2AA}.Release|Any CPU.Build.0 = Release|Any CPU
		{B710F086-57DA-2847-2554-96D66FC0C2AA}.Release|x64.ActiveCfg = Release|Any CPU
		{B710F086-57DA-2847-2554-96D66FC0C2AA}.Release|x64.Build.0 = Release|Any CPU
		{B710F086-57DA-2847-2554-96D66FC0C2AA}.Release|x86.ActiveCfg = Release|Any CPU
		{B710F086-57DA-2847-2554-96D66FC0C2AA}.Release|x86.Build.0 = Release|Any CPU
		{26F61837-4580-8DCC-907F-899D52DBF071}.Debug|Any CPU.ActiveCfg = Debug|Any CPU
		{26F61837-4580-8DCC-907F-899D52DBF071}.Debug|Any CPU.Build.0 = Debug|Any CPU
		{26F61837-4580-8DCC-907F-899D52DBF071}.Debug|x64.ActiveCfg = Debug|Any CPU
		{26F61837-4580-8DCC-907F-899D52DBF071}.Debug|x64.Build.0 = Debug|Any CPU
		{26F61837-4580-8DCC-907F-899D52DBF071}.Debug|x86.ActiveCfg = Debug|Any CPU
		{26F61837-4580-8DCC-907F-899D52DBF071}.Debug|x86.Build.0 = Debug|Any CPU
		{26F61837-4580-8DCC-907F-899D52DBF071}.Release|Any CPU.ActiveCfg = Release|Any CPU
		{26F61837-4580-8DCC-907F-899D52DBF071}.Release|Any CPU.Build.0 = Release|Any CPU
		{26F61837-4580-8DCC-907F-899D52DBF071}.Release|x64.ActiveCfg = Release|Any CPU
		{26F61837-4580-8DCC-907F-899D52DBF071}.Release|x64.Build.0 = Release|Any CPU
		{26F61837-4580-8DCC-907F-899D52DBF071}.Release|x86.ActiveCfg = Release|Any CPU
		{26F61837-4580-8DCC-907F-899D52DBF071}.Release|x86.Build.0 = Release|Any CPU
		{108B5FF5-407F-A43F-CD24-E8A87670F98F}.Debug|Any CPU.ActiveCfg = Debug|Any CPU
		{108B5FF5-407F-A43F-CD24-E8A87670F98F}.Debug|Any CPU.Build.0 = Debug|Any CPU
		{108B5FF5-407F-A43F-CD24-E8A87670F98F}.Debug|x64.ActiveCfg = Debug|Any CPU
		{108B5FF5-407F-A43F-CD24-E8A87670F98F}.Debug|x64.Build.0 = Debug|Any CPU
		{108B5FF5-407F-A43F-CD24-E8A87670F98F}.Debug|x86.ActiveCfg = Debug|Any CPU
		{108B5FF5-407F-A43F-CD24-E8A87670F98F}.Debug|x86.Build.0 = Debug|Any CPU
		{108B5FF5-407F-A43F-CD24-E8A87670F98F}.Release|Any CPU.ActiveCfg = Release|Any CPU
		{108B5FF5-407F-A43F-CD24-E8A87670F98F}.Release|Any CPU.Build.0 = Release|Any CPU
		{108B5FF5-407F-A43F-CD24-E8A87670F98F}.Release|x64.ActiveCfg = Release|Any CPU
		{108B5FF5-407F-A43F-CD24-E8A87670F98F}.Release|x64.Build.0 = Release|Any CPU
		{108B5FF5-407F-A43F-CD24-E8A87670F98F}.Release|x86.ActiveCfg = Release|Any CPU
		{108B5FF5-407F-A43F-CD24-E8A87670F98F}.Release|x86.Build.0 = Release|Any CPU
		{7D38BD0E-7DA1-F775-452F-2122A63F08C9}.Debug|Any CPU.ActiveCfg = Debug|Any CPU
		{7D38BD0E-7DA1-F775-452F-2122A63F08C9}.Debug|Any CPU.Build.0 = Debug|Any CPU
		{7D38BD0E-7DA1-F775-452F-2122A63F08C9}.Debug|x64.ActiveCfg = Debug|Any CPU
		{7D38BD0E-7DA1-F775-452F-2122A63F08C9}.Debug|x64.Build.0 = Debug|Any CPU
		{7D38BD0E-7DA1-F775-452F-2122A63F08C9}.Debug|x86.ActiveCfg = Debug|Any CPU
		{7D38BD0E-7DA1-F775-452F-2122A63F08C9}.Debug|x86.Build.0 = Debug|Any CPU
		{7D38BD0E-7DA1-F775-452F-2122A63F08C9}.Release|Any CPU.ActiveCfg = Release|Any CPU
		{7D38BD0E-7DA1-F775-452F-2122A63F08C9}.Release|Any CPU.Build.0 = Release|Any CPU
		{7D38BD0E-7DA1-F775-452F-2122A63F08C9}.Release|x64.ActiveCfg = Release|Any CPU
		{7D38BD0E-7DA1-F775-452F-2122A63F08C9}.Release|x64.Build.0 = Release|Any CPU
		{7D38BD0E-7DA1-F775-452F-2122A63F08C9}.Release|x86.ActiveCfg = Release|Any CPU
		{7D38BD0E-7DA1-F775-452F-2122A63F08C9}.Release|x86.Build.0 = Release|Any CPU
		{3E3BBDEC-41F4-4E94-9855-9138514CB999}.Debug|Any CPU.ActiveCfg = Debug|Any CPU
		{3E3BBDEC-41F4-4E94-9855-9138514CB999}.Debug|Any CPU.Build.0 = Debug|Any CPU
		{3E3BBDEC-41F4-4E94-9855-9138514CB999}.Debug|x64.ActiveCfg = Debug|Any CPU
		{3E3BBDEC-41F4-4E94-9855-9138514CB999}.Debug|x64.Build.0 = Debug|Any CPU
		{3E3BBDEC-41F4-4E94-9855-9138514CB999}.Debug|x86.ActiveCfg = Debug|Any CPU
		{3E3BBDEC-41F4-4E94-9855-9138514CB999}.Debug|x86.Build.0 = Debug|Any CPU
		{3E3BBDEC-41F4-4E94-9855-9138514CB999}.Release|Any CPU.ActiveCfg = Release|Any CPU
		{3E3BBDEC-41F4-4E94-9855-9138514CB999}.Release|Any CPU.Build.0 = Release|Any CPU
		{3E3BBDEC-41F4-4E94-9855-9138514CB999}.Release|x64.ActiveCfg = Release|Any CPU
		{3E3BBDEC-41F4-4E94-9855-9138514CB999}.Release|x64.Build.0 = Release|Any CPU
		{3E3BBDEC-41F4-4E94-9855-9138514CB999}.Release|x86.ActiveCfg = Release|Any CPU
		{3E3BBDEC-41F4-4E94-9855-9138514CB999}.Release|x86.Build.0 = Release|Any CPU
		{B61E9090-A648-2FE5-AE29-769E0692573A}.Debug|Any CPU.ActiveCfg = Debug|Any CPU
		{B61E9090-A648-2FE5-AE29-769E0692573A}.Debug|Any CPU.Build.0 = Debug|Any CPU
		{B61E9090-A648-2FE5-AE29-769E0692573A}.Debug|x64.ActiveCfg = Debug|Any CPU
		{B61E9090-A648-2FE5-AE29-769E0692573A}.Debug|x64.Build.0 = Debug|Any CPU
		{B61E9090-A648-2FE5-AE29-769E0692573A}.Debug|x86.ActiveCfg = Debug|Any CPU
		{B61E9090-A648-2FE5-AE29-769E0692573A}.Debug|x86.Build.0 = Debug|Any CPU
		{B61E9090-A648-2FE5-AE29-769E0692573A}.Release|Any CPU.ActiveCfg = Release|Any CPU
		{B61E9090-A648-2FE5-AE29-769E0692573A}.Release|Any CPU.Build.0 = Release|Any CPU
		{B61E9090-A648-2FE5-AE29-769E0692573A}.Release|x64.ActiveCfg = Release|Any CPU
		{B61E9090-A648-2FE5-AE29-769E0692573A}.Release|x64.Build.0 = Release|Any CPU
		{B61E9090-A648-2FE5-AE29-769E0692573A}.Release|x86.ActiveCfg = Release|Any CPU
		{B61E9090-A648-2FE5-AE29-769E0692573A}.Release|x86.Build.0 = Release|Any CPU
		{B40E19DC-B414-C52A-AD87-F72D3E5F4481}.Debug|Any CPU.ActiveCfg = Debug|Any CPU
		{B40E19DC-B414-C52A-AD87-F72D3E5F4481}.Debug|Any CPU.Build.0 = Debug|Any CPU
		{B40E19DC-B414-C52A-AD87-F72D3E5F4481}.Debug|x64.ActiveCfg = Debug|Any CPU
		{B40E19DC-B414-C52A-AD87-F72D3E5F4481}.Debug|x64.Build.0 = Debug|Any CPU
		{B40E19DC-B414-C52A-AD87-F72D3E5F4481}.Debug|x86.ActiveCfg = Debug|Any CPU
		{B40E19DC-B414-C52A-AD87-F72D3E5F4481}.Debug|x86.Build.0 = Debug|Any CPU
		{B40E19DC-B414-C52A-AD87-F72D3E5F4481}.Release|Any CPU.ActiveCfg = Release|Any CPU
		{B40E19DC-B414-C52A-AD87-F72D3E5F4481}.Release|Any CPU.Build.0 = Release|Any CPU
		{B40E19DC-B414-C52A-AD87-F72D3E5F4481}.Release|x64.ActiveCfg = Release|Any CPU
		{B40E19DC-B414-C52A-AD87-F72D3E5F4481}.Release|x64.Build.0 = Release|Any CPU
		{B40E19DC-B414-C52A-AD87-F72D3E5F4481}.Release|x86.ActiveCfg = Release|Any CPU
		{B40E19DC-B414-C52A-AD87-F72D3E5F4481}.Release|x86.Build.0 = Release|Any CPU
		{AA5CC983-2FBD-650A-DF45-C6F743B13A34}.Debug|Any CPU.ActiveCfg = Debug|Any CPU
		{AA5CC983-2FBD-650A-DF45-C6F743B13A34}.Debug|Any CPU.Build.0 = Debug|Any CPU
		{AA5CC983-2FBD-650A-DF45-C6F743B13A34}.Debug|x64.ActiveCfg = Debug|Any CPU
		{AA5CC983-2FBD-650A-DF45-C6F743B13A34}.Debug|x64.Build.0 = Debug|Any CPU
		{AA5CC983-2FBD-650A-DF45-C6F743B13A34}.Debug|x86.ActiveCfg = Debug|Any CPU
		{AA5CC983-2FBD-650A-DF45-C6F743B13A34}.Debug|x86.Build.0 = Debug|Any CPU
		{AA5CC983-2FBD-650A-DF45-C6F743B13A34}.Release|Any CPU.ActiveCfg = Release|Any CPU
		{AA5CC983-2FBD-650A-DF45-C6F743B13A34}.Release|Any CPU.Build.0 = Release|Any CPU
		{AA5CC983-2FBD-650A-DF45-C6F743B13A34}.Release|x64.ActiveCfg = Release|Any CPU
		{AA5CC983-2FBD-650A-DF45-C6F743B13A34}.Release|x64.Build.0 = Release|Any CPU
		{AA5CC983-2FBD-650A-DF45-C6F743B13A34}.Release|x86.ActiveCfg = Release|Any CPU
		{AA5CC983-2FBD-650A-DF45-C6F743B13A34}.Release|x86.Build.0 = Release|Any CPU
		{CE75DB89-0B2A-4732-92BE-E23290B2B883}.Debug|Any CPU.ActiveCfg = Debug|Any CPU
		{CE75DB89-0B2A-4732-92BE-E23290B2B883}.Debug|Any CPU.Build.0 = Debug|Any CPU
		{CE75DB89-0B2A-4732-92BE-E23290B2B883}.Debug|x64.ActiveCfg = Debug|Any CPU
		{CE75DB89-0B2A-4732-92BE-E23290B2B883}.Debug|x64.Build.0 = Debug|Any CPU
		{CE75DB89-0B2A-4732-92BE-E23290B2B883}.Debug|x86.ActiveCfg = Debug|Any CPU
		{CE75DB89-0B2A-4732-92BE-E23290B2B883}.Debug|x86.Build.0 = Debug|Any CPU
		{CE75DB89-0B2A-4732-92BE-E23290B2B883}.Release|Any CPU.ActiveCfg = Release|Any CPU
		{CE75DB89-0B2A-4732-92BE-E23290B2B883}.Release|Any CPU.Build.0 = Release|Any CPU
		{CE75DB89-0B2A-4732-92BE-E23290B2B883}.Release|x64.ActiveCfg = Release|Any CPU
		{CE75DB89-0B2A-4732-92BE-E23290B2B883}.Release|x64.Build.0 = Release|Any CPU
		{CE75DB89-0B2A-4732-92BE-E23290B2B883}.Release|x86.ActiveCfg = Release|Any CPU
		{CE75DB89-0B2A-4732-92BE-E23290B2B883}.Release|x86.Build.0 = Release|Any CPU
		{4E365D30-F623-495A-8020-02D457DB6632}.Debug|Any CPU.ActiveCfg = Debug|Any CPU
		{4E365D30-F623-495A-8020-02D457DB6632}.Debug|Any CPU.Build.0 = Debug|Any CPU
		{4E365D30-F623-495A-8020-02D457DB6632}.Debug|x64.ActiveCfg = Debug|Any CPU
		{4E365D30-F623-495A-8020-02D457DB6632}.Debug|x64.Build.0 = Debug|Any CPU
		{4E365D30-F623-495A-8020-02D457DB6632}.Debug|x86.ActiveCfg = Debug|Any CPU
		{4E365D30-F623-495A-8020-02D457DB6632}.Debug|x86.Build.0 = Debug|Any CPU
		{4E365D30-F623-495A-8020-02D457DB6632}.Release|Any CPU.ActiveCfg = Release|Any CPU
		{4E365D30-F623-495A-8020-02D457DB6632}.Release|Any CPU.Build.0 = Release|Any CPU
		{4E365D30-F623-495A-8020-02D457DB6632}.Release|x64.ActiveCfg = Release|Any CPU
		{4E365D30-F623-495A-8020-02D457DB6632}.Release|x64.Build.0 = Release|Any CPU
		{4E365D30-F623-495A-8020-02D457DB6632}.Release|x86.ActiveCfg = Release|Any CPU
		{4E365D30-F623-495A-8020-02D457DB6632}.Release|x86.Build.0 = Release|Any CPU
		{1CA2BE07-9385-487B-BDD8-A1C0A0CFD2D1}.Debug|Any CPU.ActiveCfg = Debug|Any CPU
		{1CA2BE07-9385-487B-BDD8-A1C0A0CFD2D1}.Debug|Any CPU.Build.0 = Debug|Any CPU
		{1CA2BE07-9385-487B-BDD8-A1C0A0CFD2D1}.Debug|x64.ActiveCfg = Debug|Any CPU
		{1CA2BE07-9385-487B-BDD8-A1C0A0CFD2D1}.Debug|x64.Build.0 = Debug|Any CPU
		{1CA2BE07-9385-487B-BDD8-A1C0A0CFD2D1}.Debug|x86.ActiveCfg = Debug|Any CPU
		{1CA2BE07-9385-487B-BDD8-A1C0A0CFD2D1}.Debug|x86.Build.0 = Debug|Any CPU
		{1CA2BE07-9385-487B-BDD8-A1C0A0CFD2D1}.Release|Any CPU.ActiveCfg = Release|Any CPU
		{1CA2BE07-9385-487B-BDD8-A1C0A0CFD2D1}.Release|Any CPU.Build.0 = Release|Any CPU
		{1CA2BE07-9385-487B-BDD8-A1C0A0CFD2D1}.Release|x64.ActiveCfg = Release|Any CPU
		{1CA2BE07-9385-487B-BDD8-A1C0A0CFD2D1}.Release|x64.Build.0 = Release|Any CPU
		{1CA2BE07-9385-487B-BDD8-A1C0A0CFD2D1}.Release|x86.ActiveCfg = Release|Any CPU
		{1CA2BE07-9385-487B-BDD8-A1C0A0CFD2D1}.Release|x86.Build.0 = Release|Any CPU
		{D33C0977-9722-421B-AF25-9CEC94AE1562}.Debug|Any CPU.ActiveCfg = Debug|Any CPU
		{D33C0977-9722-421B-AF25-9CEC94AE1562}.Debug|Any CPU.Build.0 = Debug|Any CPU
		{D33C0977-9722-421B-AF25-9CEC94AE1562}.Debug|x64.ActiveCfg = Debug|Any CPU
		{D33C0977-9722-421B-AF25-9CEC94AE1562}.Debug|x64.Build.0 = Debug|Any CPU
		{D33C0977-9722-421B-AF25-9CEC94AE1562}.Debug|x86.ActiveCfg = Debug|Any CPU
		{D33C0977-9722-421B-AF25-9CEC94AE1562}.Debug|x86.Build.0 = Debug|Any CPU
		{D33C0977-9722-421B-AF25-9CEC94AE1562}.Release|Any CPU.ActiveCfg = Release|Any CPU
		{D33C0977-9722-421B-AF25-9CEC94AE1562}.Release|Any CPU.Build.0 = Release|Any CPU
		{D33C0977-9722-421B-AF25-9CEC94AE1562}.Release|x64.ActiveCfg = Release|Any CPU
		{D33C0977-9722-421B-AF25-9CEC94AE1562}.Release|x64.Build.0 = Release|Any CPU
		{D33C0977-9722-421B-AF25-9CEC94AE1562}.Release|x86.ActiveCfg = Release|Any CPU
		{D33C0977-9722-421B-AF25-9CEC94AE1562}.Release|x86.Build.0 = Release|Any CPU
		{19EA3CA0-C124-454C-9993-B51EF9C808A4}.Debug|Any CPU.ActiveCfg = Debug|Any CPU
		{19EA3CA0-C124-454C-9993-B51EF9C808A4}.Debug|Any CPU.Build.0 = Debug|Any CPU
		{19EA3CA0-C124-454C-9993-B51EF9C808A4}.Debug|x64.ActiveCfg = Debug|Any CPU
		{19EA3CA0-C124-454C-9993-B51EF9C808A4}.Debug|x64.Build.0 = Debug|Any CPU
		{19EA3CA0-C124-454C-9993-B51EF9C808A4}.Debug|x86.ActiveCfg = Debug|Any CPU
		{19EA3CA0-C124-454C-9993-B51EF9C808A4}.Debug|x86.Build.0 = Debug|Any CPU
		{19EA3CA0-C124-454C-9993-B51EF9C808A4}.Release|Any CPU.ActiveCfg = Release|Any CPU
		{19EA3CA0-C124-454C-9993-B51EF9C808A4}.Release|Any CPU.Build.0 = Release|Any CPU
		{19EA3CA0-C124-454C-9993-B51EF9C808A4}.Release|x64.ActiveCfg = Release|Any CPU
		{19EA3CA0-C124-454C-9993-B51EF9C808A4}.Release|x64.Build.0 = Release|Any CPU
		{19EA3CA0-C124-454C-9993-B51EF9C808A4}.Release|x86.ActiveCfg = Release|Any CPU
		{19EA3CA0-C124-454C-9993-B51EF9C808A4}.Release|x86.Build.0 = Release|Any CPU
		{EABD8F12-4FB1-4EAC-9B61-B8BD9E4483D5}.Debug|Any CPU.ActiveCfg = Debug|Any CPU
		{EABD8F12-4FB1-4EAC-9B61-B8BD9E4483D5}.Debug|Any CPU.Build.0 = Debug|Any CPU
		{EABD8F12-4FB1-4EAC-9B61-B8BD9E4483D5}.Debug|x64.ActiveCfg = Debug|Any CPU
		{EABD8F12-4FB1-4EAC-9B61-B8BD9E4483D5}.Debug|x64.Build.0 = Debug|Any CPU
		{EABD8F12-4FB1-4EAC-9B61-B8BD9E4483D5}.Debug|x86.ActiveCfg = Debug|Any CPU
		{EABD8F12-4FB1-4EAC-9B61-B8BD9E4483D5}.Debug|x86.Build.0 = Debug|Any CPU
		{EABD8F12-4FB1-4EAC-9B61-B8BD9E4483D5}.Release|Any CPU.ActiveCfg = Release|Any CPU
		{EABD8F12-4FB1-4EAC-9B61-B8BD9E4483D5}.Release|Any CPU.Build.0 = Release|Any CPU
		{EABD8F12-4FB1-4EAC-9B61-B8BD9E4483D5}.Release|x64.ActiveCfg = Release|Any CPU
		{EABD8F12-4FB1-4EAC-9B61-B8BD9E4483D5}.Release|x64.Build.0 = Release|Any CPU
		{EABD8F12-4FB1-4EAC-9B61-B8BD9E4483D5}.Release|x86.ActiveCfg = Release|Any CPU
		{EABD8F12-4FB1-4EAC-9B61-B8BD9E4483D5}.Release|x86.Build.0 = Release|Any CPU
		{A04F3EE1-26DA-4877-A522-A74D5533B606}.Debug|Any CPU.ActiveCfg = Debug|Any CPU
		{A04F3EE1-26DA-4877-A522-A74D5533B606}.Debug|Any CPU.Build.0 = Debug|Any CPU
		{A04F3EE1-26DA-4877-A522-A74D5533B606}.Debug|x64.ActiveCfg = Debug|Any CPU
		{A04F3EE1-26DA-4877-A522-A74D5533B606}.Debug|x64.Build.0 = Debug|Any CPU
		{A04F3EE1-26DA-4877-A522-A74D5533B606}.Debug|x86.ActiveCfg = Debug|Any CPU
		{A04F3EE1-26DA-4877-A522-A74D5533B606}.Debug|x86.Build.0 = Debug|Any CPU
		{A04F3EE1-26DA-4877-A522-A74D5533B606}.Release|Any CPU.ActiveCfg = Release|Any CPU
		{A04F3EE1-26DA-4877-A522-A74D5533B606}.Release|Any CPU.Build.0 = Release|Any CPU
		{A04F3EE1-26DA-4877-A522-A74D5533B606}.Release|x64.ActiveCfg = Release|Any CPU
		{A04F3EE1-26DA-4877-A522-A74D5533B606}.Release|x64.Build.0 = Release|Any CPU
		{A04F3EE1-26DA-4877-A522-A74D5533B606}.Release|x86.ActiveCfg = Release|Any CPU
		{A04F3EE1-26DA-4877-A522-A74D5533B606}.Release|x86.Build.0 = Release|Any CPU
		{0A8BC426-18EE-40EC-B2C1-49B6D78B30DC}.Debug|Any CPU.ActiveCfg = Debug|Any CPU
		{0A8BC426-18EE-40EC-B2C1-49B6D78B30DC}.Debug|Any CPU.Build.0 = Debug|Any CPU
		{0A8BC426-18EE-40EC-B2C1-49B6D78B30DC}.Debug|x64.ActiveCfg = Debug|Any CPU
		{0A8BC426-18EE-40EC-B2C1-49B6D78B30DC}.Debug|x64.Build.0 = Debug|Any CPU
		{0A8BC426-18EE-40EC-B2C1-49B6D78B30DC}.Debug|x86.ActiveCfg = Debug|Any CPU
		{0A8BC426-18EE-40EC-B2C1-49B6D78B30DC}.Debug|x86.Build.0 = Debug|Any CPU
		{0A8BC426-18EE-40EC-B2C1-49B6D78B30DC}.Release|Any CPU.ActiveCfg = Release|Any CPU
		{0A8BC426-18EE-40EC-B2C1-49B6D78B30DC}.Release|Any CPU.Build.0 = Release|Any CPU
		{0A8BC426-18EE-40EC-B2C1-49B6D78B30DC}.Release|x64.ActiveCfg = Release|Any CPU
		{0A8BC426-18EE-40EC-B2C1-49B6D78B30DC}.Release|x64.Build.0 = Release|Any CPU
		{0A8BC426-18EE-40EC-B2C1-49B6D78B30DC}.Release|x86.ActiveCfg = Release|Any CPU
		{0A8BC426-18EE-40EC-B2C1-49B6D78B30DC}.Release|x86.Build.0 = Release|Any CPU
		{EC65ABD0-332D-435E-8F86-BC6F1702D175}.Debug|Any CPU.ActiveCfg = Debug|Any CPU
		{EC65ABD0-332D-435E-8F86-BC6F1702D175}.Debug|Any CPU.Build.0 = Debug|Any CPU
		{EC65ABD0-332D-435E-8F86-BC6F1702D175}.Debug|x64.ActiveCfg = Debug|Any CPU
		{EC65ABD0-332D-435E-8F86-BC6F1702D175}.Debug|x64.Build.0 = Debug|Any CPU
		{EC65ABD0-332D-435E-8F86-BC6F1702D175}.Debug|x86.ActiveCfg = Debug|Any CPU
		{EC65ABD0-332D-435E-8F86-BC6F1702D175}.Debug|x86.Build.0 = Debug|Any CPU
		{EC65ABD0-332D-435E-8F86-BC6F1702D175}.Release|Any CPU.ActiveCfg = Release|Any CPU
		{EC65ABD0-332D-435E-8F86-BC6F1702D175}.Release|Any CPU.Build.0 = Release|Any CPU
		{EC65ABD0-332D-435E-8F86-BC6F1702D175}.Release|x64.ActiveCfg = Release|Any CPU
		{EC65ABD0-332D-435E-8F86-BC6F1702D175}.Release|x64.Build.0 = Release|Any CPU
		{EC65ABD0-332D-435E-8F86-BC6F1702D175}.Release|x86.ActiveCfg = Release|Any CPU
		{EC65ABD0-332D-435E-8F86-BC6F1702D175}.Release|x86.Build.0 = Release|Any CPU
		{8AFE5655-4D17-409D-AE62-243940D5D157}.Debug|Any CPU.ActiveCfg = Debug|Any CPU
		{8AFE5655-4D17-409D-AE62-243940D5D157}.Debug|Any CPU.Build.0 = Debug|Any CPU
		{8AFE5655-4D17-409D-AE62-243940D5D157}.Debug|x64.ActiveCfg = Debug|Any CPU
		{8AFE5655-4D17-409D-AE62-243940D5D157}.Debug|x64.Build.0 = Debug|Any CPU
		{8AFE5655-4D17-409D-AE62-243940D5D157}.Debug|x86.ActiveCfg = Debug|Any CPU
		{8AFE5655-4D17-409D-AE62-243940D5D157}.Debug|x86.Build.0 = Debug|Any CPU
		{8AFE5655-4D17-409D-AE62-243940D5D157}.Release|Any CPU.ActiveCfg = Release|Any CPU
		{8AFE5655-4D17-409D-AE62-243940D5D157}.Release|Any CPU.Build.0 = Release|Any CPU
		{8AFE5655-4D17-409D-AE62-243940D5D157}.Release|x64.ActiveCfg = Release|Any CPU
		{8AFE5655-4D17-409D-AE62-243940D5D157}.Release|x64.Build.0 = Release|Any CPU
		{8AFE5655-4D17-409D-AE62-243940D5D157}.Release|x86.ActiveCfg = Release|Any CPU
		{8AFE5655-4D17-409D-AE62-243940D5D157}.Release|x86.Build.0 = Release|Any CPU
		{DEB02B2C-8303-4C57-B86C-7456913B1A85}.Debug|Any CPU.ActiveCfg = Debug|Any CPU
		{DEB02B2C-8303-4C57-B86C-7456913B1A85}.Debug|Any CPU.Build.0 = Debug|Any CPU
		{DEB02B2C-8303-4C57-B86C-7456913B1A85}.Debug|x64.ActiveCfg = Debug|Any CPU
		{DEB02B2C-8303-4C57-B86C-7456913B1A85}.Debug|x64.Build.0 = Debug|Any CPU
		{DEB02B2C-8303-4C57-B86C-7456913B1A85}.Debug|x86.ActiveCfg = Debug|Any CPU
		{DEB02B2C-8303-4C57-B86C-7456913B1A85}.Debug|x86.Build.0 = Debug|Any CPU
		{DEB02B2C-8303-4C57-B86C-7456913B1A85}.Release|Any CPU.ActiveCfg = Release|Any CPU
		{DEB02B2C-8303-4C57-B86C-7456913B1A85}.Release|Any CPU.Build.0 = Release|Any CPU
		{DEB02B2C-8303-4C57-B86C-7456913B1A85}.Release|x64.ActiveCfg = Release|Any CPU
		{DEB02B2C-8303-4C57-B86C-7456913B1A85}.Release|x64.Build.0 = Release|Any CPU
		{DEB02B2C-8303-4C57-B86C-7456913B1A85}.Release|x86.ActiveCfg = Release|Any CPU
		{DEB02B2C-8303-4C57-B86C-7456913B1A85}.Release|x86.Build.0 = Release|Any CPU
		{F185923D-764D-4DA7-A72B-D0ADE485F3A9}.Debug|Any CPU.ActiveCfg = Debug|Any CPU
		{F185923D-764D-4DA7-A72B-D0ADE485F3A9}.Debug|Any CPU.Build.0 = Debug|Any CPU
		{F185923D-764D-4DA7-A72B-D0ADE485F3A9}.Debug|x64.ActiveCfg = Debug|Any CPU
		{F185923D-764D-4DA7-A72B-D0ADE485F3A9}.Debug|x64.Build.0 = Debug|Any CPU
		{F185923D-764D-4DA7-A72B-D0ADE485F3A9}.Debug|x86.ActiveCfg = Debug|Any CPU
		{F185923D-764D-4DA7-A72B-D0ADE485F3A9}.Debug|x86.Build.0 = Debug|Any CPU
		{F185923D-764D-4DA7-A72B-D0ADE485F3A9}.Release|Any CPU.ActiveCfg = Release|Any CPU
		{F185923D-764D-4DA7-A72B-D0ADE485F3A9}.Release|Any CPU.Build.0 = Release|Any CPU
		{F185923D-764D-4DA7-A72B-D0ADE485F3A9}.Release|x64.ActiveCfg = Release|Any CPU
		{F185923D-764D-4DA7-A72B-D0ADE485F3A9}.Release|x64.Build.0 = Release|Any CPU
		{F185923D-764D-4DA7-A72B-D0ADE485F3A9}.Release|x86.ActiveCfg = Release|Any CPU
		{F185923D-764D-4DA7-A72B-D0ADE485F3A9}.Release|x86.Build.0 = Release|Any CPU
		{D3734A53-493D-490A-9281-0E8DF6E8D4D5}.Debug|Any CPU.ActiveCfg = Debug|Any CPU
		{D3734A53-493D-490A-9281-0E8DF6E8D4D5}.Debug|Any CPU.Build.0 = Debug|Any CPU
		{D3734A53-493D-490A-9281-0E8DF6E8D4D5}.Debug|x64.ActiveCfg = Debug|Any CPU
		{D3734A53-493D-490A-9281-0E8DF6E8D4D5}.Debug|x64.Build.0 = Debug|Any CPU
		{D3734A53-493D-490A-9281-0E8DF6E8D4D5}.Debug|x86.ActiveCfg = Debug|Any CPU
		{D3734A53-493D-490A-9281-0E8DF6E8D4D5}.Debug|x86.Build.0 = Debug|Any CPU
		{D3734A53-493D-490A-9281-0E8DF6E8D4D5}.Release|Any CPU.ActiveCfg = Release|Any CPU
		{D3734A53-493D-490A-9281-0E8DF6E8D4D5}.Release|Any CPU.Build.0 = Release|Any CPU
		{D3734A53-493D-490A-9281-0E8DF6E8D4D5}.Release|x64.ActiveCfg = Release|Any CPU
		{D3734A53-493D-490A-9281-0E8DF6E8D4D5}.Release|x64.Build.0 = Release|Any CPU
		{D3734A53-493D-490A-9281-0E8DF6E8D4D5}.Release|x86.ActiveCfg = Release|Any CPU
		{D3734A53-493D-490A-9281-0E8DF6E8D4D5}.Release|x86.Build.0 = Release|Any CPU
		{CF02A6A6-4D7C-4229-82BC-CFA77DFBA39B}.Debug|Any CPU.ActiveCfg = Debug|Any CPU
		{CF02A6A6-4D7C-4229-82BC-CFA77DFBA39B}.Debug|Any CPU.Build.0 = Debug|Any CPU
		{CF02A6A6-4D7C-4229-82BC-CFA77DFBA39B}.Debug|x64.ActiveCfg = Debug|Any CPU
		{CF02A6A6-4D7C-4229-82BC-CFA77DFBA39B}.Debug|x64.Build.0 = Debug|Any CPU
		{CF02A6A6-4D7C-4229-82BC-CFA77DFBA39B}.Debug|x86.ActiveCfg = Debug|Any CPU
		{CF02A6A6-4D7C-4229-82BC-CFA77DFBA39B}.Debug|x86.Build.0 = Debug|Any CPU
		{CF02A6A6-4D7C-4229-82BC-CFA77DFBA39B}.Release|Any CPU.ActiveCfg = Release|Any CPU
		{CF02A6A6-4D7C-4229-82BC-CFA77DFBA39B}.Release|Any CPU.Build.0 = Release|Any CPU
		{CF02A6A6-4D7C-4229-82BC-CFA77DFBA39B}.Release|x64.ActiveCfg = Release|Any CPU
		{CF02A6A6-4D7C-4229-82BC-CFA77DFBA39B}.Release|x64.Build.0 = Release|Any CPU
		{CF02A6A6-4D7C-4229-82BC-CFA77DFBA39B}.Release|x86.ActiveCfg = Release|Any CPU
		{CF02A6A6-4D7C-4229-82BC-CFA77DFBA39B}.Release|x86.Build.0 = Release|Any CPU
		{5580B332-229C-4C4A-88BF-506E5A7653FC}.Debug|Any CPU.ActiveCfg = Debug|Any CPU
		{5580B332-229C-4C4A-88BF-506E5A7653FC}.Debug|Any CPU.Build.0 = Debug|Any CPU
		{5580B332-229C-4C4A-88BF-506E5A7653FC}.Debug|x64.ActiveCfg = Debug|Any CPU
		{5580B332-229C-4C4A-88BF-506E5A7653FC}.Debug|x64.Build.0 = Debug|Any CPU
		{5580B332-229C-4C4A-88BF-506E5A7653FC}.Debug|x86.ActiveCfg = Debug|Any CPU
		{5580B332-229C-4C4A-88BF-506E5A7653FC}.Debug|x86.Build.0 = Debug|Any CPU
		{5580B332-229C-4C4A-88BF-506E5A7653FC}.Release|Any CPU.ActiveCfg = Release|Any CPU
		{5580B332-229C-4C4A-88BF-506E5A7653FC}.Release|Any CPU.Build.0 = Release|Any CPU
		{5580B332-229C-4C4A-88BF-506E5A7653FC}.Release|x64.ActiveCfg = Release|Any CPU
		{5580B332-229C-4C4A-88BF-506E5A7653FC}.Release|x64.Build.0 = Release|Any CPU
		{5580B332-229C-4C4A-88BF-506E5A7653FC}.Release|x86.ActiveCfg = Release|Any CPU
		{5580B332-229C-4C4A-88BF-506E5A7653FC}.Release|x86.Build.0 = Release|Any CPU
		{9CBDDB42-343E-4DE4-AB4D-450FEC9458E4}.Debug|Any CPU.ActiveCfg = Debug|Any CPU
		{9CBDDB42-343E-4DE4-AB4D-450FEC9458E4}.Debug|Any CPU.Build.0 = Debug|Any CPU
		{9CBDDB42-343E-4DE4-AB4D-450FEC9458E4}.Debug|x64.ActiveCfg = Debug|Any CPU
		{9CBDDB42-343E-4DE4-AB4D-450FEC9458E4}.Debug|x64.Build.0 = Debug|Any CPU
		{9CBDDB42-343E-4DE4-AB4D-450FEC9458E4}.Debug|x86.ActiveCfg = Debug|Any CPU
		{9CBDDB42-343E-4DE4-AB4D-450FEC9458E4}.Debug|x86.Build.0 = Debug|Any CPU
		{9CBDDB42-343E-4DE4-AB4D-450FEC9458E4}.Release|Any CPU.ActiveCfg = Release|Any CPU
		{9CBDDB42-343E-4DE4-AB4D-450FEC9458E4}.Release|Any CPU.Build.0 = Release|Any CPU
		{9CBDDB42-343E-4DE4-AB4D-450FEC9458E4}.Release|x64.ActiveCfg = Release|Any CPU
		{9CBDDB42-343E-4DE4-AB4D-450FEC9458E4}.Release|x64.Build.0 = Release|Any CPU
		{9CBDDB42-343E-4DE4-AB4D-450FEC9458E4}.Release|x86.ActiveCfg = Release|Any CPU
		{9CBDDB42-343E-4DE4-AB4D-450FEC9458E4}.Release|x86.Build.0 = Release|Any CPU
		{61F88BBB-5E99-4191-8188-9F94ADA4ECDE}.Debug|Any CPU.ActiveCfg = Debug|Any CPU
		{61F88BBB-5E99-4191-8188-9F94ADA4ECDE}.Debug|Any CPU.Build.0 = Debug|Any CPU
		{61F88BBB-5E99-4191-8188-9F94ADA4ECDE}.Debug|x64.ActiveCfg = Debug|Any CPU
		{61F88BBB-5E99-4191-8188-9F94ADA4ECDE}.Debug|x64.Build.0 = Debug|Any CPU
		{61F88BBB-5E99-4191-8188-9F94ADA4ECDE}.Debug|x86.ActiveCfg = Debug|Any CPU
		{61F88BBB-5E99-4191-8188-9F94ADA4ECDE}.Debug|x86.Build.0 = Debug|Any CPU
		{61F88BBB-5E99-4191-8188-9F94ADA4ECDE}.Release|Any CPU.ActiveCfg = Release|Any CPU
		{61F88BBB-5E99-4191-8188-9F94ADA4ECDE}.Release|Any CPU.Build.0 = Release|Any CPU
		{61F88BBB-5E99-4191-8188-9F94ADA4ECDE}.Release|x64.ActiveCfg = Release|Any CPU
		{61F88BBB-5E99-4191-8188-9F94ADA4ECDE}.Release|x64.Build.0 = Release|Any CPU
		{61F88BBB-5E99-4191-8188-9F94ADA4ECDE}.Release|x86.ActiveCfg = Release|Any CPU
		{61F88BBB-5E99-4191-8188-9F94ADA4ECDE}.Release|x86.Build.0 = Release|Any CPU
		{63B548BD-A6B8-467C-B823-A1E8FB87DBA0}.Debug|Any CPU.ActiveCfg = Debug|Any CPU
		{63B548BD-A6B8-467C-B823-A1E8FB87DBA0}.Debug|Any CPU.Build.0 = Debug|Any CPU
		{63B548BD-A6B8-467C-B823-A1E8FB87DBA0}.Debug|x64.ActiveCfg = Debug|Any CPU
		{63B548BD-A6B8-467C-B823-A1E8FB87DBA0}.Debug|x64.Build.0 = Debug|Any CPU
		{63B548BD-A6B8-467C-B823-A1E8FB87DBA0}.Debug|x86.ActiveCfg = Debug|Any CPU
		{63B548BD-A6B8-467C-B823-A1E8FB87DBA0}.Debug|x86.Build.0 = Debug|Any CPU
		{63B548BD-A6B8-467C-B823-A1E8FB87DBA0}.Release|Any CPU.ActiveCfg = Release|Any CPU
		{63B548BD-A6B8-467C-B823-A1E8FB87DBA0}.Release|Any CPU.Build.0 = Release|Any CPU
		{63B548BD-A6B8-467C-B823-A1E8FB87DBA0}.Release|x64.ActiveCfg = Release|Any CPU
		{63B548BD-A6B8-467C-B823-A1E8FB87DBA0}.Release|x64.Build.0 = Release|Any CPU
		{63B548BD-A6B8-467C-B823-A1E8FB87DBA0}.Release|x86.ActiveCfg = Release|Any CPU
		{63B548BD-A6B8-467C-B823-A1E8FB87DBA0}.Release|x86.Build.0 = Release|Any CPU
		{8D4FDD59-59F3-420D-B1FB-85179A65E010}.Debug|Any CPU.ActiveCfg = Debug|Any CPU
		{8D4FDD59-59F3-420D-B1FB-85179A65E010}.Debug|Any CPU.Build.0 = Debug|Any CPU
		{8D4FDD59-59F3-420D-B1FB-85179A65E010}.Debug|x64.ActiveCfg = Debug|Any CPU
		{8D4FDD59-59F3-420D-B1FB-85179A65E010}.Debug|x64.Build.0 = Debug|Any CPU
		{8D4FDD59-59F3-420D-B1FB-85179A65E010}.Debug|x86.ActiveCfg = Debug|Any CPU
		{8D4FDD59-59F3-420D-B1FB-85179A65E010}.Debug|x86.Build.0 = Debug|Any CPU
		{8D4FDD59-59F3-420D-B1FB-85179A65E010}.Release|Any CPU.ActiveCfg = Release|Any CPU
		{8D4FDD59-59F3-420D-B1FB-85179A65E010}.Release|Any CPU.Build.0 = Release|Any CPU
		{8D4FDD59-59F3-420D-B1FB-85179A65E010}.Release|x64.ActiveCfg = Release|Any CPU
		{8D4FDD59-59F3-420D-B1FB-85179A65E010}.Release|x64.Build.0 = Release|Any CPU
		{8D4FDD59-59F3-420D-B1FB-85179A65E010}.Release|x86.ActiveCfg = Release|Any CPU
		{8D4FDD59-59F3-420D-B1FB-85179A65E010}.Release|x86.Build.0 = Release|Any CPU
		{C6D29595-ED6B-4230-8410-7272263B17B1}.Debug|Any CPU.ActiveCfg = Debug|Any CPU
		{C6D29595-ED6B-4230-8410-7272263B17B1}.Debug|Any CPU.Build.0 = Debug|Any CPU
		{C6D29595-ED6B-4230-8410-7272263B17B1}.Debug|x64.ActiveCfg = Debug|Any CPU
		{C6D29595-ED6B-4230-8410-7272263B17B1}.Debug|x64.Build.0 = Debug|Any CPU
		{C6D29595-ED6B-4230-8410-7272263B17B1}.Debug|x86.ActiveCfg = Debug|Any CPU
		{C6D29595-ED6B-4230-8410-7272263B17B1}.Debug|x86.Build.0 = Debug|Any CPU
		{C6D29595-ED6B-4230-8410-7272263B17B1}.Release|Any CPU.ActiveCfg = Release|Any CPU
		{C6D29595-ED6B-4230-8410-7272263B17B1}.Release|Any CPU.Build.0 = Release|Any CPU
		{C6D29595-ED6B-4230-8410-7272263B17B1}.Release|x64.ActiveCfg = Release|Any CPU
		{C6D29595-ED6B-4230-8410-7272263B17B1}.Release|x64.Build.0 = Release|Any CPU
		{C6D29595-ED6B-4230-8410-7272263B17B1}.Release|x86.ActiveCfg = Release|Any CPU
		{C6D29595-ED6B-4230-8410-7272263B17B1}.Release|x86.Build.0 = Release|Any CPU
		{28171FBC-1B4C-4918-BA00-2C727F437B4D}.Debug|Any CPU.ActiveCfg = Debug|Any CPU
		{28171FBC-1B4C-4918-BA00-2C727F437B4D}.Debug|Any CPU.Build.0 = Debug|Any CPU
		{28171FBC-1B4C-4918-BA00-2C727F437B4D}.Debug|x64.ActiveCfg = Debug|Any CPU
		{28171FBC-1B4C-4918-BA00-2C727F437B4D}.Debug|x64.Build.0 = Debug|Any CPU
		{28171FBC-1B4C-4918-BA00-2C727F437B4D}.Debug|x86.ActiveCfg = Debug|Any CPU
		{28171FBC-1B4C-4918-BA00-2C727F437B4D}.Debug|x86.Build.0 = Debug|Any CPU
		{28171FBC-1B4C-4918-BA00-2C727F437B4D}.Release|Any CPU.ActiveCfg = Release|Any CPU
		{28171FBC-1B4C-4918-BA00-2C727F437B4D}.Release|Any CPU.Build.0 = Release|Any CPU
		{28171FBC-1B4C-4918-BA00-2C727F437B4D}.Release|x64.ActiveCfg = Release|Any CPU
		{28171FBC-1B4C-4918-BA00-2C727F437B4D}.Release|x64.Build.0 = Release|Any CPU
		{28171FBC-1B4C-4918-BA00-2C727F437B4D}.Release|x86.ActiveCfg = Release|Any CPU
		{28171FBC-1B4C-4918-BA00-2C727F437B4D}.Release|x86.Build.0 = Release|Any CPU
		{E3CABE8C-7CA8-419B-ACEA-BA489E509C76}.Debug|Any CPU.ActiveCfg = Debug|Any CPU
		{E3CABE8C-7CA8-419B-ACEA-BA489E509C76}.Debug|Any CPU.Build.0 = Debug|Any CPU
		{E3CABE8C-7CA8-419B-ACEA-BA489E509C76}.Debug|x64.ActiveCfg = Debug|Any CPU
		{E3CABE8C-7CA8-419B-ACEA-BA489E509C76}.Debug|x64.Build.0 = Debug|Any CPU
		{E3CABE8C-7CA8-419B-ACEA-BA489E509C76}.Debug|x86.ActiveCfg = Debug|Any CPU
		{E3CABE8C-7CA8-419B-ACEA-BA489E509C76}.Debug|x86.Build.0 = Debug|Any CPU
		{E3CABE8C-7CA8-419B-ACEA-BA489E509C76}.Release|Any CPU.ActiveCfg = Release|Any CPU
		{E3CABE8C-7CA8-419B-ACEA-BA489E509C76}.Release|Any CPU.Build.0 = Release|Any CPU
		{E3CABE8C-7CA8-419B-ACEA-BA489E509C76}.Release|x64.ActiveCfg = Release|Any CPU
		{E3CABE8C-7CA8-419B-ACEA-BA489E509C76}.Release|x64.Build.0 = Release|Any CPU
		{E3CABE8C-7CA8-419B-ACEA-BA489E509C76}.Release|x86.ActiveCfg = Release|Any CPU
		{E3CABE8C-7CA8-419B-ACEA-BA489E509C76}.Release|x86.Build.0 = Release|Any CPU
		{A4145A0C-3EAA-48A9-8BEF-318D1579ED58}.Debug|Any CPU.ActiveCfg = Debug|Any CPU
		{A4145A0C-3EAA-48A9-8BEF-318D1579ED58}.Debug|Any CPU.Build.0 = Debug|Any CPU
		{A4145A0C-3EAA-48A9-8BEF-318D1579ED58}.Debug|x64.ActiveCfg = Debug|Any CPU
		{A4145A0C-3EAA-48A9-8BEF-318D1579ED58}.Debug|x64.Build.0 = Debug|Any CPU
		{A4145A0C-3EAA-48A9-8BEF-318D1579ED58}.Debug|x86.ActiveCfg = Debug|Any CPU
		{A4145A0C-3EAA-48A9-8BEF-318D1579ED58}.Debug|x86.Build.0 = Debug|Any CPU
		{A4145A0C-3EAA-48A9-8BEF-318D1579ED58}.Release|Any CPU.ActiveCfg = Release|Any CPU
		{A4145A0C-3EAA-48A9-8BEF-318D1579ED58}.Release|Any CPU.Build.0 = Release|Any CPU
		{A4145A0C-3EAA-48A9-8BEF-318D1579ED58}.Release|x64.ActiveCfg = Release|Any CPU
		{A4145A0C-3EAA-48A9-8BEF-318D1579ED58}.Release|x64.Build.0 = Release|Any CPU
		{A4145A0C-3EAA-48A9-8BEF-318D1579ED58}.Release|x86.ActiveCfg = Release|Any CPU
		{A4145A0C-3EAA-48A9-8BEF-318D1579ED58}.Release|x86.Build.0 = Release|Any CPU
		{2AAB9F36-14E5-4786-9B30-D11B14117FD5}.Debug|Any CPU.ActiveCfg = Debug|Any CPU
		{2AAB9F36-14E5-4786-9B30-D11B14117FD5}.Debug|Any CPU.Build.0 = Debug|Any CPU
		{2AAB9F36-14E5-4786-9B30-D11B14117FD5}.Debug|x64.ActiveCfg = Debug|Any CPU
		{2AAB9F36-14E5-4786-9B30-D11B14117FD5}.Debug|x64.Build.0 = Debug|Any CPU
		{2AAB9F36-14E5-4786-9B30-D11B14117FD5}.Debug|x86.ActiveCfg = Debug|Any CPU
		{2AAB9F36-14E5-4786-9B30-D11B14117FD5}.Debug|x86.Build.0 = Debug|Any CPU
		{2AAB9F36-14E5-4786-9B30-D11B14117FD5}.Release|Any CPU.ActiveCfg = Release|Any CPU
		{2AAB9F36-14E5-4786-9B30-D11B14117FD5}.Release|Any CPU.Build.0 = Release|Any CPU
		{2AAB9F36-14E5-4786-9B30-D11B14117FD5}.Release|x64.ActiveCfg = Release|Any CPU
		{2AAB9F36-14E5-4786-9B30-D11B14117FD5}.Release|x64.Build.0 = Release|Any CPU
		{2AAB9F36-14E5-4786-9B30-D11B14117FD5}.Release|x86.ActiveCfg = Release|Any CPU
		{2AAB9F36-14E5-4786-9B30-D11B14117FD5}.Release|x86.Build.0 = Release|Any CPU
		{B493FBDD-10AA-430F-84C8-A15AD0E762F2}.Debug|Any CPU.ActiveCfg = Debug|Any CPU
		{B493FBDD-10AA-430F-84C8-A15AD0E762F2}.Debug|Any CPU.Build.0 = Debug|Any CPU
		{B493FBDD-10AA-430F-84C8-A15AD0E762F2}.Debug|x64.ActiveCfg = Debug|Any CPU
		{B493FBDD-10AA-430F-84C8-A15AD0E762F2}.Debug|x64.Build.0 = Debug|Any CPU
		{B493FBDD-10AA-430F-84C8-A15AD0E762F2}.Debug|x86.ActiveCfg = Debug|Any CPU
		{B493FBDD-10AA-430F-84C8-A15AD0E762F2}.Debug|x86.Build.0 = Debug|Any CPU
		{B493FBDD-10AA-430F-84C8-A15AD0E762F2}.Release|Any CPU.ActiveCfg = Release|Any CPU
		{B493FBDD-10AA-430F-84C8-A15AD0E762F2}.Release|Any CPU.Build.0 = Release|Any CPU
		{B493FBDD-10AA-430F-84C8-A15AD0E762F2}.Release|x64.ActiveCfg = Release|Any CPU
		{B493FBDD-10AA-430F-84C8-A15AD0E762F2}.Release|x64.Build.0 = Release|Any CPU
		{B493FBDD-10AA-430F-84C8-A15AD0E762F2}.Release|x86.ActiveCfg = Release|Any CPU
		{B493FBDD-10AA-430F-84C8-A15AD0E762F2}.Release|x86.Build.0 = Release|Any CPU
	EndGlobalSection
	GlobalSection(SolutionProperties) = preSolution
		HideSolutionNode = FALSE
	EndGlobalSection
	GlobalSection(NestedProjects) = preSolution
		{6D78955B-643A-41AE-AD5C-4873E04C8FB6} = {74636A63-AB16-4950-BF0D-966FBFF79B83}
		{8CF3001A-FDE9-4E6A-A642-83480DB4B117} = {74636A63-AB16-4950-BF0D-966FBFF79B83}
		{C255994B-1706-4A2F-9914-E6E7AF76E160} = {8CF3001A-FDE9-4E6A-A642-83480DB4B117}
		{798B125C-C333-4F12-ACEF-54771CD02C44} = {C255994B-1706-4A2F-9914-E6E7AF76E160}
		{3BA95306-7396-455B-BCEE-9FFFFBE376D5} = {C255994B-1706-4A2F-9914-E6E7AF76E160}
		{331CC2FC-2FDA-471E-B6ED-A6990C4BF764} = {C255994B-1706-4A2F-9914-E6E7AF76E160}
		{1F4739F9-E465-4B4F-9389-A3AB00C50C88} = {C255994B-1706-4A2F-9914-E6E7AF76E160}
		{1B43516D-6E04-4D3D-985E-7C58C539FD43} = {8CF3001A-FDE9-4E6A-A642-83480DB4B117}
		{802FDBC9-34EC-4815-BFE5-120AEB0877D8} = {1B43516D-6E04-4D3D-985E-7C58C539FD43}
		{E1B0C3A3-B83B-40D2-B05C-FD10872B4DDF} = {1B43516D-6E04-4D3D-985E-7C58C539FD43}
		{125AA0FA-BC2E-4F50-8F56-48E53AB67C33} = {1B43516D-6E04-4D3D-985E-7C58C539FD43}
		{30838EC6-FB31-48AA-818E-2ECB4D08F804} = {1B43516D-6E04-4D3D-985E-7C58C539FD43}
		{EAD49EE4-2D62-4861-90BA-3EE8643EA8A2} = {8CF3001A-FDE9-4E6A-A642-83480DB4B117}
		{3A857019-7F17-42D0-9E38-A96EE1DC14F6} = {EAD49EE4-2D62-4861-90BA-3EE8643EA8A2}
		{7207EB2D-03E4-4F78-8EF3-0229132DE58A} = {EAD49EE4-2D62-4861-90BA-3EE8643EA8A2}
		{BF63A15E-DF81-4808-99AE-FC2FADF78F86} = {EAD49EE4-2D62-4861-90BA-3EE8643EA8A2}
		{AE1552EC-E287-46A6-AED5-F066C3C86371} = {EAD49EE4-2D62-4861-90BA-3EE8643EA8A2}
		{02EA681E-C7D8-13C7-8484-4AC65E1B71E8} = {8CF3001A-FDE9-4E6A-A642-83480DB4B117}
		{B710F086-57DA-2847-2554-96D66FC0C2AA} = {02EA681E-C7D8-13C7-8484-4AC65E1B71E8}
		{26F61837-4580-8DCC-907F-899D52DBF071} = {02EA681E-C7D8-13C7-8484-4AC65E1B71E8}
		{108B5FF5-407F-A43F-CD24-E8A87670F98F} = {02EA681E-C7D8-13C7-8484-4AC65E1B71E8}
		{7D38BD0E-7DA1-F775-452F-2122A63F08C9} = {02EA681E-C7D8-13C7-8484-4AC65E1B71E8}
		{D1102EDC-3CD4-469F-9513-ACB6BD45AB66} = {8CF3001A-FDE9-4E6A-A642-83480DB4B117}
		{3E3BBDEC-41F4-4E94-9855-9138514CB999} = {D1102EDC-3CD4-469F-9513-ACB6BD45AB66}
		{B61E9090-A648-2FE5-AE29-769E0692573A} = {D1102EDC-3CD4-469F-9513-ACB6BD45AB66}
		{B40E19DC-B414-C52A-AD87-F72D3E5F4481} = {D1102EDC-3CD4-469F-9513-ACB6BD45AB66}
		{AA5CC983-2FBD-650A-DF45-C6F743B13A34} = {D1102EDC-3CD4-469F-9513-ACB6BD45AB66}
		{1513C1BF-03E4-4D56-8A24-56241B6939F1} = {8CF3001A-FDE9-4E6A-A642-83480DB4B117}
		{CE75DB89-0B2A-4732-92BE-E23290B2B883} = {1513C1BF-03E4-4D56-8A24-56241B6939F1}
		{4E365D30-F623-495A-8020-02D457DB6632} = {1513C1BF-03E4-4D56-8A24-56241B6939F1}
		{1CA2BE07-9385-487B-BDD8-A1C0A0CFD2D1} = {1513C1BF-03E4-4D56-8A24-56241B6939F1}
		{D33C0977-9722-421B-AF25-9CEC94AE1562} = {1513C1BF-03E4-4D56-8A24-56241B6939F1}
		{19EA3CA0-C124-454C-9993-B51EF9C808A4} = {1513C1BF-03E4-4D56-8A24-56241B6939F1}
		{C554CFC4-74AA-45C8-A62C-C714AE2E6A16} = {8CF3001A-FDE9-4E6A-A642-83480DB4B117}
		{EABD8F12-4FB1-4EAC-9B61-B8BD9E4483D5} = {C554CFC4-74AA-45C8-A62C-C714AE2E6A16}
		{A04F3EE1-26DA-4877-A522-A74D5533B606} = {C554CFC4-74AA-45C8-A62C-C714AE2E6A16}
		{0A8BC426-18EE-40EC-B2C1-49B6D78B30DC} = {C554CFC4-74AA-45C8-A62C-C714AE2E6A16}
		{EC65ABD0-332D-435E-8F86-BC6F1702D175} = {C554CFC4-74AA-45C8-A62C-C714AE2E6A16}
		{F0B6DE86-B080-2A94-AC3D-E478B2AFB247} = {8CF3001A-FDE9-4E6A-A642-83480DB4B117}
		{8AFE5655-4D17-409D-AE62-243940D5D157} = {F0B6DE86-B080-2A94-AC3D-E478B2AFB247}
		{DEB02B2C-8303-4C57-B86C-7456913B1A85} = {F0B6DE86-B080-2A94-AC3D-E478B2AFB247}
		{F185923D-764D-4DA7-A72B-D0ADE485F3A9} = {F0B6DE86-B080-2A94-AC3D-E478B2AFB247}
		{D3734A53-493D-490A-9281-0E8DF6E8D4D5} = {F0B6DE86-B080-2A94-AC3D-E478B2AFB247}
		{B8814A68-C612-4FF5-AE28-FFEC8A225A62} = {8CF3001A-FDE9-4E6A-A642-83480DB4B117}
		{CF02A6A6-4D7C-4229-82BC-CFA77DFBA39B} = {B8814A68-C612-4FF5-AE28-FFEC8A225A62}
		{5580B332-229C-4C4A-88BF-506E5A7653FC} = {B8814A68-C612-4FF5-AE28-FFEC8A225A62}
		{61F88BBB-5E99-4191-8188-9F94ADA4ECDE} = {B8814A68-C612-4FF5-AE28-FFEC8A225A62}
		{63B548BD-A6B8-467C-B823-A1E8FB87DBA0} = {B8814A68-C612-4FF5-AE28-FFEC8A225A62}
		{C1CBD8F6-DA83-433C-91B3-4AE8C9DF8A10} = {74636A63-AB16-4950-BF0D-966FBFF79B83}
		{8D4FDD59-59F3-420D-B1FB-85179A65E010} = {C1CBD8F6-DA83-433C-91B3-4AE8C9DF8A10}
		{C6D29595-ED6B-4230-8410-7272263B17B1} = {C1CBD8F6-DA83-433C-91B3-4AE8C9DF8A10}
		{28171FBC-1B4C-4918-BA00-2C727F437B4D} = {C1CBD8F6-DA83-433C-91B3-4AE8C9DF8A10}
		{E3CABE8C-7CA8-419B-ACEA-BA489E509C76} = {C1CBD8F6-DA83-433C-91B3-4AE8C9DF8A10}
		{A4145A0C-3EAA-48A9-8BEF-318D1579ED58} = {C1CBD8F6-DA83-433C-91B3-4AE8C9DF8A10}
		{F67E7870-8219-9EC9-916E-B9F4BD6F71AB} = {74636A63-AB16-4950-BF0D-966FBFF79B83}
		{2AAB9F36-14E5-4786-9B30-D11B14117FD5} = {F67E7870-8219-9EC9-916E-B9F4BD6F71AB}
		{B493FBDD-10AA-430F-84C8-A15AD0E762F2} = {F67E7870-8219-9EC9-916E-B9F4BD6F71AB}
	EndGlobalSection
EndGlobal
