
Microsoft Visual Studio Solution File, Format Version 12.00
# Visual Studio Version 17
VisualStudioVersion = 17.11.35327.3
MinimumVisualStudioVersion = 10.0.40219.1
Project("{2150E333-8FDC-42A3-9474-1A3956D46DE8}") = "Shared", "Shared", "{AACD7530-149A-43EE-A093-2D27DD5B00D3}"
EndProject
Project("{2150E333-8FDC-42A3-9474-1A3956D46DE8}") = "Modules", "Modules", "{4FCE842E-611A-439D-A946-3887F0522102}"
EndProject
Project("{2150E333-8FDC-42A3-9474-1A3956D46DE8}") = "Identity", "Identity", "{7A768DDB-B4B0-4625-A12E-F0E2F60DDBA3}"
EndProject
Project("{2150E333-8FDC-42A3-9474-1A3956D46DE8}") = "Catalog", "Catalog", "{C2FF7D6A-0BEE-4940-B894-3437A44B2473}"
EndProject
Project("{9A19103F-16F7-4668-BE54-9A1E7A4F7556}") = "CustomCADs.Catalog.Domain", "CustomCADs.Catalog.Domain\CustomCADs.Catalog.Domain.csproj", "{166847F3-2165-4F35-9DB3-322B7E00D4E6}"
EndProject
Project("{9A19103F-16F7-4668-BE54-9A1E7A4F7556}") = "CustomCADs.Catalog.Persistence", "CustomCADs.Catalog.Persistence\CustomCADs.Catalog.Persistence.csproj", "{0DE363D7-D77B-4510-B9A0-68141563E561}"
EndProject
Project("{9A19103F-16F7-4668-BE54-9A1E7A4F7556}") = "CustomCADs.Catalog.Application", "CustomCADs.Catalog.Application\CustomCADs.Catalog.Application.csproj", "{FCEC7D85-58E3-4C51-857A-9546EF682796}"
EndProject
Project("{9A19103F-16F7-4668-BE54-9A1E7A4F7556}") = "CustomCADs.Shared.Infrastructure", "CustomCADs.Shared.Infrastructure\CustomCADs.Shared.Infrastructure.csproj", "{35D9A7B8-8224-4E44-BF93-4C213DE81CA7}"
EndProject
Project("{2150E333-8FDC-42A3-9474-1A3956D46DE8}") = "Accounts", "Accounts", "{29357C6D-C64F-43A4-AC6F-6613E41C9AE9}"
EndProject
Project("{9A19103F-16F7-4668-BE54-9A1E7A4F7556}") = "CustomCADs.Accounts.Domain", "CustomCADs.Accounts.Domain\CustomCADs.Accounts.Domain.csproj", "{ABD25FC8-480F-4C50-B1C1-77640AFA89A0}"
EndProject
Project("{9A19103F-16F7-4668-BE54-9A1E7A4F7556}") = "CustomCADs.Accounts.Persistence", "CustomCADs.Accounts.Persistence\CustomCADs.Accounts.Persistence.csproj", "{8E33A72E-392F-4985-9038-6D5887EBB8F7}"
EndProject
Project("{9A19103F-16F7-4668-BE54-9A1E7A4F7556}") = "CustomCADs.Shared.Persistence", "CustomCADs.Shared.Persistence\CustomCADs.Shared.Persistence.csproj", "{5A60A6C6-F8D8-4A83-A554-D1769D6A58F1}"
EndProject
Project("{9A19103F-16F7-4668-BE54-9A1E7A4F7556}") = "CustomCADs.Accounts.Application", "CustomCADs.Accounts.Application\CustomCADs.Accounts.Application.csproj", "{A60FF6CC-57EA-44E2-8C70-407E3CD55C07}"
EndProject
Project("{9A19103F-16F7-4668-BE54-9A1E7A4F7556}") = "CustomCADs.Identity.Infrastructure", "CustomCADs.Identity.Infrastructure\CustomCADs.Identity.Infrastructure.csproj", "{0E6D82CF-0F69-4BC3-AF93-423065C1C9AE}"
EndProject
Project("{9A19103F-16F7-4668-BE54-9A1E7A4F7556}") = "CustomCADs.Identity.Application", "CustomCADs.Identity.Application\CustomCADs.Identity.Application.csproj", "{78D545E4-9892-40BA-A0EA-9E678C8D5C9A}"
EndProject
Project("{9A19103F-16F7-4668-BE54-9A1E7A4F7556}") = "CustomCADs.Identity.Endpoints", "CustomCADs.Identity.Endpoints\CustomCADs.Identity.Endpoints.csproj", "{D608E347-B70C-472F-9A09-674707ADC67B}"
EndProject
Project("{9A19103F-16F7-4668-BE54-9A1E7A4F7556}") = "CustomCADs.Presentation", "CustomCADs.Presentation\CustomCADs.Presentation.csproj", "{DD36286C-63DC-41E6-82AD-2A857A6E4694}"
EndProject
Project("{9A19103F-16F7-4668-BE54-9A1E7A4F7556}") = "CustomCADs.Accounts.Endpoints", "CustomCADs.Accounts.Endpoints\CustomCADs.Accounts.Endpoints.csproj", "{582F4AC9-0500-494F-8AB1-18984E8EB7AC}"
EndProject
Project("{9A19103F-16F7-4668-BE54-9A1E7A4F7556}") = "CustomCADs.Catalog.Endpoints", "CustomCADs.Catalog.Endpoints\CustomCADs.Catalog.Endpoints.csproj", "{BE01D11A-2AA3-4F5F-B0D5-C0DE795666A6}"
EndProject
Project("{9A19103F-16F7-4668-BE54-9A1E7A4F7556}") = "CustomCADs.Shared.Core", "CustomCADs.Shared.Core\CustomCADs.Shared.Core.csproj", "{FC6EBFFD-24E6-4AE4-A040-5EA618AAF754}"
EndProject
Project("{2150E333-8FDC-42A3-9474-1A3956D46DE8}") = "Orders", "Orders", "{37368CF6-943A-4143-8837-1E0FA2FBC8D0}"
EndProject
Project("{9A19103F-16F7-4668-BE54-9A1E7A4F7556}") = "CustomCADs.Orders.Domain", "CustomCADs.Orders.Domain\CustomCADs.Orders.Domain.csproj", "{8C6B7422-400B-49CA-8971-29D73ED00B57}"
EndProject
Project("{9A19103F-16F7-4668-BE54-9A1E7A4F7556}") = "CustomCADs.Orders.Application", "CustomCADs.Orders.Application\CustomCADs.Orders.Application.csproj", "{8CBCB3E0-7312-42BC-9167-95331CE369F2}"
EndProject
Project("{9A19103F-16F7-4668-BE54-9A1E7A4F7556}") = "CustomCADs.Orders.Endpoints", "CustomCADs.Orders.Endpoints\CustomCADs.Orders.Endpoints.csproj", "{F57D2D47-4640-4DA4-9B5F-15DCC01586CF}"
EndProject
Project("{9A19103F-16F7-4668-BE54-9A1E7A4F7556}") = "CustomCADs.Orders.Persistence", "CustomCADs.Orders.Persistence\CustomCADs.Orders.Persistence.csproj", "{BCBAB136-92AE-47AB-9929-3144769FBF2B}"
EndProject
Project("{9A19103F-16F7-4668-BE54-9A1E7A4F7556}") = "CustomCADs.Shared.Application", "CustomCADs.Shared.Application\CustomCADs.Shared.Application.csproj", "{C5DDCDD9-E4B0-4D33-B0BB-6268FAB570C6}"
EndProject
Project("{9A19103F-16F7-4668-BE54-9A1E7A4F7556}") = "CustomCADs.Shared.IntegrationEvents", "CustomCADs.Shared.IntegrationEvents\CustomCADs.Shared.IntegrationEvents.csproj", "{F1547934-1F9A-47D3-A4F6-1ED1166FE510}"
EndProject
Project("{2150E333-8FDC-42A3-9474-1A3956D46DE8}") = "Delivery", "Delivery", "{42AE8AD4-70FF-4EB7-A7EA-94D6BFF422AA}"
EndProject
Project("{9A19103F-16F7-4668-BE54-9A1E7A4F7556}") = "CustomCADs.Delivery.Domain", "CustomCADs.Delivery.Domain\CustomCADs.Delivery.Domain.csproj", "{86A2066E-6209-4E01-80CF-57FB9A3F3664}"
EndProject
Project("{9A19103F-16F7-4668-BE54-9A1E7A4F7556}") = "CustomCADs.Delivery.Persistence", "CustomCADs.Delivery.Persistence\CustomCADs.Delivery.Persistence.csproj", "{0CCA8DCB-397D-491A-87B6-FA11F418027B}"
EndProject
Project("{FAE04EC0-301F-11D3-BF4B-00C04F79EFBC}") = "CustomCADs.Shared.Speedy", "CustomCADs.Shared.Speedy\CustomCADs.Shared.Speedy.csproj", "{5D14B3D4-A73F-4BA0-92D3-C840B4EBF9F9}"
EndProject
Project("{2150E333-8FDC-42A3-9474-1A3956D46DE8}") = "Carts", "Carts", "{F8BF6E1A-A61D-4620-94BF-6F76D53F2977}"
EndProject
Project("{FAE04EC0-301F-11D3-BF4B-00C04F79EFBC}") = "CustomCADs.Carts.Domain", "CustomCADs.Carts.Domain\CustomCADs.Carts.Domain.csproj", "{A666EF40-401F-407A-B675-52DA45F78830}"
EndProject
Project("{FAE04EC0-301F-11D3-BF4B-00C04F79EFBC}") = "CustomCADs.Carts.Persistence", "CustomCADs.Carts.Persistence\CustomCADs.Carts.Persistence.csproj", "{28DF49B8-CF13-4B89-957A-F8868277BAD8}"
EndProject
Project("{FAE04EC0-301F-11D3-BF4B-00C04F79EFBC}") = "CustomCADs.Carts.Application", "CustomCADs.Carts.Application\CustomCADs.Carts.Application.csproj", "{ED106124-41BA-4344-9774-8D1DA5234BEA}"
EndProject
Project("{FAE04EC0-301F-11D3-BF4B-00C04F79EFBC}") = "CustomCADs.Carts.Endpoints", "CustomCADs.Carts.Endpoints\CustomCADs.Carts.Endpoints.csproj", "{8B3DC2BF-813A-47B2-8C70-00A4E58B0408}"
EndProject
Project("{FAE04EC0-301F-11D3-BF4B-00C04F79EFBC}") = "CustomCADs.Shared.UseCases", "CustomCADs.Shared.UseCases\CustomCADs.Shared.UseCases.csproj", "{8D9E5B3F-6C9A-4485-9A8B-AD2D594AA072}"
EndProject
Project("{2150E333-8FDC-42A3-9474-1A3956D46DE8}") = "Categories", "Categories", "{FAB6A6CA-6057-4891-9EB6-8D0407219822}"
EndProject
Project("{FAE04EC0-301F-11D3-BF4B-00C04F79EFBC}") = "CustomCADs.Categories.Domain", "CustomCADs.Categories.Domain\CustomCADs.Categories.Domain.csproj", "{D4B11CC2-5594-4BDD-80CE-83960D8057CE}"
EndProject
Project("{FAE04EC0-301F-11D3-BF4B-00C04F79EFBC}") = "CustomCADs.Categories.Application", "CustomCADs.Categories.Application\CustomCADs.Categories.Application.csproj", "{D3FCD2BD-186B-4B05-A08E-A0981D376446}"
EndProject
Project("{FAE04EC0-301F-11D3-BF4B-00C04F79EFBC}") = "CustomCADs.Categories.Persistence", "CustomCADs.Categories.Persistence\CustomCADs.Categories.Persistence.csproj", "{803F5F3A-55B9-419F-910C-80D265E8C2E7}"
EndProject
Project("{FAE04EC0-301F-11D3-BF4B-00C04F79EFBC}") = "CustomCADs.Categories.Endpoints", "CustomCADs.Categories.Endpoints\CustomCADs.Categories.Endpoints.csproj", "{13AAD198-2433-4B15-9AD1-C74B055A5402}"
EndProject
Project("{FAE04EC0-301F-11D3-BF4B-00C04F79EFBC}") = "CustomCADs.Identity.Domain", "CustomCADs.Identity.Domain\CustomCADs.Identity.Domain.csproj", "{4D018431-FF53-40B7-97A6-19735CCCD987}"
EndProject
Project("{2150E333-8FDC-42A3-9474-1A3956D46DE8}") = "etc", "etc", "{0646BF04-B70A-4939-BF1F-9810C68B06B1}"
	ProjectSection(SolutionItems) = preProject
		.editorconfig = .editorconfig
		.gitignore = .gitignore
	EndProjectSection
EndProject
Project("{2150E333-8FDC-42A3-9474-1A3956D46DE8}") = ".platform", ".platform", "{C5729589-AD90-4F8F-A743-1DA54B6E0527}"
EndProject
Project("{2150E333-8FDC-42A3-9474-1A3956D46DE8}") = "hooks", "hooks", "{D759A717-B0F9-4DCE-BADB-EF68056E4F0F}"
EndProject
Project("{2150E333-8FDC-42A3-9474-1A3956D46DE8}") = "postdeploy", "postdeploy", "{C48AF50F-3357-482A-81F6-79D5945B49B3}"
	ProjectSection(SolutionItems) = preProject
		.platform\hooks\postdeploy\migrations.sh = .platform\hooks\postdeploy\migrations.sh
	EndProjectSection
EndProject
Project("{2150E333-8FDC-42A3-9474-1A3956D46DE8}") = ".terraform", ".terraform", "{F1E10E99-8DD0-4BA7-8172-ABE250ADA792}"
	ProjectSection(SolutionItems) = preProject
		.terraform\app.tf = .terraform\app.tf
		.terraform\database.tf = .terraform\database.tf
		.terraform\identity.tf = .terraform\identity.tf
		.terraform\locals.tf = .terraform\locals.tf
		.terraform\main.tf = .terraform\main.tf
		.terraform\networking.tf = .terraform\networking.tf
		.terraform\notifications.tf = .terraform\notifications.tf
		.terraform\production.tf = .terraform\production.tf
		.terraform\secrets.tf = .terraform\secrets.tf
		.terraform\security.tf = .terraform\security.tf
		.terraform\ssl.tf = .terraform\ssl.tf
		.terraform\storage.tf = .terraform\storage.tf
		.terraform\subnets.tf = .terraform\subnets.tf
		.terraform\variables.tf = .terraform\variables.tf
	EndProjectSection
EndProject
Project("{FAE04EC0-301F-11D3-BF4B-00C04F79EFBC}") = "CustomCADs.Delivery.Application", "CustomCADs.Delivery.Application\CustomCADs.Delivery.Application.csproj", "{89CF9BE4-6F76-4E13-B10C-348DAA472C9A}"
EndProject
Project("{FAE04EC0-301F-11D3-BF4B-00C04F79EFBC}") = "CustomCADs.Delivery.Endpoints", "CustomCADs.Delivery.Endpoints\CustomCADs.Delivery.Endpoints.csproj", "{80604D2A-7BCF-49E1-A87C-65A62CFE4442}"
EndProject
Project("{2150E333-8FDC-42A3-9474-1A3956D46DE8}") = ".github", ".github", "{E8BE4C5E-BDF6-4BF7-A18A-6D96A114BCA7}"
EndProject
Project("{2150E333-8FDC-42A3-9474-1A3956D46DE8}") = "workflows", "workflows", "{BB0F3658-6FBD-4FCA-949A-592D1830A978}"
	ProjectSection(SolutionItems) = preProject
		.github\workflows\build-dotnet.yml = .github\workflows\build-dotnet.yml
		.github\workflows\cd.yml = .github\workflows\cd.yml
		.github\workflows\ci.yml = .github\workflows\ci.yml
		.github\workflows\deliver-ecr.yml = .github\workflows\deliver-ecr.yml
	EndProjectSection
EndProject
Project("{2150E333-8FDC-42A3-9474-1A3956D46DE8}") = "Files", "Files", "{2E67FCCD-29F4-4B89-805B-574EACD87368}"
EndProject
Project("{FAE04EC0-301F-11D3-BF4B-00C04F79EFBC}") = "CustomCADs.Files.Domain", "CustomCADs.Files.Domain\CustomCADs.Files.Domain.csproj", "{02E64B62-B89C-4106-8DB3-923395C4DF97}"
EndProject
Project("{FAE04EC0-301F-11D3-BF4B-00C04F79EFBC}") = "CustomCADs.Files.Persistence", "CustomCADs.Files.Persistence\CustomCADs.Files.Persistence.csproj", "{DEA6E2F8-0D66-4D90-9CD5-E234E0BFCFCA}"
EndProject
Project("{FAE04EC0-301F-11D3-BF4B-00C04F79EFBC}") = "CustomCADs.Files.Application", "CustomCADs.Files.Application\CustomCADs.Files.Application.csproj", "{FF9A5BCA-84FB-4F5F-BDED-EAEA6F8A63A7}"
EndProject
Project("{2150E333-8FDC-42A3-9474-1A3956D46DE8}") = "src", "src", "{D2C43CCA-0468-4FB1-ACA4-B6DDDBDE700E}"
EndProject
Project("{2150E333-8FDC-42A3-9474-1A3956D46DE8}") = "test", "test", "{48BBBC87-8C64-40F7-ABD4-78A0BE69E162}"
EndProject
Project("{2150E333-8FDC-42A3-9474-1A3956D46DE8}") = ".docker", ".docker", "{31F977E7-DDBF-4A62-83E9-EB767840C374}"
	ProjectSection(SolutionItems) = preProject
		.dockerignore = .dockerignore
		Dockerfile = Dockerfile
		Dockerrun.aws.json = Dockerrun.aws.json
	EndProjectSection
EndProject
Project("{2150E333-8FDC-42A3-9474-1A3956D46DE8}") = "Accounts", "Accounts", "{F31FE0CB-1C0A-44E0-B1DD-EC23C3CAAC1E}"
EndProject
Project("{FAE04EC0-301F-11D3-BF4B-00C04F79EFBC}") = "CustomCADs.Accounts.UnitTests.Domain", "CustomCADs.Accounts.UnitTests.Domain\CustomCADs.Accounts.UnitTests.Domain.csproj", "{C27481A0-97A8-4581-AB44-3C793AD932FB}"
EndProject
Project("{2150E333-8FDC-42A3-9474-1A3956D46DE8}") = "UnitTests", "UnitTests", "{E4343D5A-9707-40F4-B73F-49595165F7AE}"
EndProject
Global
	GlobalSection(SolutionConfigurationPlatforms) = preSolution
		Debug|Any CPU = Debug|Any CPU
		Release|Any CPU = Release|Any CPU
	EndGlobalSection
	GlobalSection(ProjectConfigurationPlatforms) = postSolution
		{166847F3-2165-4F35-9DB3-322B7E00D4E6}.Debug|Any CPU.ActiveCfg = Debug|Any CPU
		{166847F3-2165-4F35-9DB3-322B7E00D4E6}.Debug|Any CPU.Build.0 = Debug|Any CPU
		{166847F3-2165-4F35-9DB3-322B7E00D4E6}.Release|Any CPU.ActiveCfg = Release|Any CPU
		{166847F3-2165-4F35-9DB3-322B7E00D4E6}.Release|Any CPU.Build.0 = Release|Any CPU
		{0DE363D7-D77B-4510-B9A0-68141563E561}.Debug|Any CPU.ActiveCfg = Debug|Any CPU
		{0DE363D7-D77B-4510-B9A0-68141563E561}.Debug|Any CPU.Build.0 = Debug|Any CPU
		{0DE363D7-D77B-4510-B9A0-68141563E561}.Release|Any CPU.ActiveCfg = Release|Any CPU
		{0DE363D7-D77B-4510-B9A0-68141563E561}.Release|Any CPU.Build.0 = Release|Any CPU
		{FCEC7D85-58E3-4C51-857A-9546EF682796}.Debug|Any CPU.ActiveCfg = Debug|Any CPU
		{FCEC7D85-58E3-4C51-857A-9546EF682796}.Debug|Any CPU.Build.0 = Debug|Any CPU
		{FCEC7D85-58E3-4C51-857A-9546EF682796}.Release|Any CPU.ActiveCfg = Release|Any CPU
		{FCEC7D85-58E3-4C51-857A-9546EF682796}.Release|Any CPU.Build.0 = Release|Any CPU
		{35D9A7B8-8224-4E44-BF93-4C213DE81CA7}.Debug|Any CPU.ActiveCfg = Debug|Any CPU
		{35D9A7B8-8224-4E44-BF93-4C213DE81CA7}.Debug|Any CPU.Build.0 = Debug|Any CPU
		{35D9A7B8-8224-4E44-BF93-4C213DE81CA7}.Release|Any CPU.ActiveCfg = Release|Any CPU
		{35D9A7B8-8224-4E44-BF93-4C213DE81CA7}.Release|Any CPU.Build.0 = Release|Any CPU
		{ABD25FC8-480F-4C50-B1C1-77640AFA89A0}.Debug|Any CPU.ActiveCfg = Debug|Any CPU
		{ABD25FC8-480F-4C50-B1C1-77640AFA89A0}.Debug|Any CPU.Build.0 = Debug|Any CPU
		{ABD25FC8-480F-4C50-B1C1-77640AFA89A0}.Release|Any CPU.ActiveCfg = Release|Any CPU
		{ABD25FC8-480F-4C50-B1C1-77640AFA89A0}.Release|Any CPU.Build.0 = Release|Any CPU
		{8E33A72E-392F-4985-9038-6D5887EBB8F7}.Debug|Any CPU.ActiveCfg = Debug|Any CPU
		{8E33A72E-392F-4985-9038-6D5887EBB8F7}.Debug|Any CPU.Build.0 = Debug|Any CPU
		{8E33A72E-392F-4985-9038-6D5887EBB8F7}.Release|Any CPU.ActiveCfg = Release|Any CPU
		{8E33A72E-392F-4985-9038-6D5887EBB8F7}.Release|Any CPU.Build.0 = Release|Any CPU
		{5A60A6C6-F8D8-4A83-A554-D1769D6A58F1}.Debug|Any CPU.ActiveCfg = Debug|Any CPU
		{5A60A6C6-F8D8-4A83-A554-D1769D6A58F1}.Debug|Any CPU.Build.0 = Debug|Any CPU
		{5A60A6C6-F8D8-4A83-A554-D1769D6A58F1}.Release|Any CPU.ActiveCfg = Release|Any CPU
		{5A60A6C6-F8D8-4A83-A554-D1769D6A58F1}.Release|Any CPU.Build.0 = Release|Any CPU
		{A60FF6CC-57EA-44E2-8C70-407E3CD55C07}.Debug|Any CPU.ActiveCfg = Debug|Any CPU
		{A60FF6CC-57EA-44E2-8C70-407E3CD55C07}.Debug|Any CPU.Build.0 = Debug|Any CPU
		{A60FF6CC-57EA-44E2-8C70-407E3CD55C07}.Release|Any CPU.ActiveCfg = Release|Any CPU
		{A60FF6CC-57EA-44E2-8C70-407E3CD55C07}.Release|Any CPU.Build.0 = Release|Any CPU
		{0E6D82CF-0F69-4BC3-AF93-423065C1C9AE}.Debug|Any CPU.ActiveCfg = Debug|Any CPU
		{0E6D82CF-0F69-4BC3-AF93-423065C1C9AE}.Debug|Any CPU.Build.0 = Debug|Any CPU
		{0E6D82CF-0F69-4BC3-AF93-423065C1C9AE}.Release|Any CPU.ActiveCfg = Release|Any CPU
		{0E6D82CF-0F69-4BC3-AF93-423065C1C9AE}.Release|Any CPU.Build.0 = Release|Any CPU
		{78D545E4-9892-40BA-A0EA-9E678C8D5C9A}.Debug|Any CPU.ActiveCfg = Debug|Any CPU
		{78D545E4-9892-40BA-A0EA-9E678C8D5C9A}.Debug|Any CPU.Build.0 = Debug|Any CPU
		{78D545E4-9892-40BA-A0EA-9E678C8D5C9A}.Release|Any CPU.ActiveCfg = Release|Any CPU
		{78D545E4-9892-40BA-A0EA-9E678C8D5C9A}.Release|Any CPU.Build.0 = Release|Any CPU
		{D608E347-B70C-472F-9A09-674707ADC67B}.Debug|Any CPU.ActiveCfg = Debug|Any CPU
		{D608E347-B70C-472F-9A09-674707ADC67B}.Debug|Any CPU.Build.0 = Debug|Any CPU
		{D608E347-B70C-472F-9A09-674707ADC67B}.Release|Any CPU.ActiveCfg = Release|Any CPU
		{D608E347-B70C-472F-9A09-674707ADC67B}.Release|Any CPU.Build.0 = Release|Any CPU
		{DD36286C-63DC-41E6-82AD-2A857A6E4694}.Debug|Any CPU.ActiveCfg = Debug|Any CPU
		{DD36286C-63DC-41E6-82AD-2A857A6E4694}.Debug|Any CPU.Build.0 = Debug|Any CPU
		{DD36286C-63DC-41E6-82AD-2A857A6E4694}.Release|Any CPU.ActiveCfg = Release|Any CPU
		{DD36286C-63DC-41E6-82AD-2A857A6E4694}.Release|Any CPU.Build.0 = Release|Any CPU
		{582F4AC9-0500-494F-8AB1-18984E8EB7AC}.Debug|Any CPU.ActiveCfg = Debug|Any CPU
		{582F4AC9-0500-494F-8AB1-18984E8EB7AC}.Debug|Any CPU.Build.0 = Debug|Any CPU
		{582F4AC9-0500-494F-8AB1-18984E8EB7AC}.Release|Any CPU.ActiveCfg = Release|Any CPU
		{582F4AC9-0500-494F-8AB1-18984E8EB7AC}.Release|Any CPU.Build.0 = Release|Any CPU
		{BE01D11A-2AA3-4F5F-B0D5-C0DE795666A6}.Debug|Any CPU.ActiveCfg = Debug|Any CPU
		{BE01D11A-2AA3-4F5F-B0D5-C0DE795666A6}.Debug|Any CPU.Build.0 = Debug|Any CPU
		{BE01D11A-2AA3-4F5F-B0D5-C0DE795666A6}.Release|Any CPU.ActiveCfg = Release|Any CPU
		{BE01D11A-2AA3-4F5F-B0D5-C0DE795666A6}.Release|Any CPU.Build.0 = Release|Any CPU
		{FC6EBFFD-24E6-4AE4-A040-5EA618AAF754}.Debug|Any CPU.ActiveCfg = Debug|Any CPU
		{FC6EBFFD-24E6-4AE4-A040-5EA618AAF754}.Debug|Any CPU.Build.0 = Debug|Any CPU
		{FC6EBFFD-24E6-4AE4-A040-5EA618AAF754}.Release|Any CPU.ActiveCfg = Release|Any CPU
		{FC6EBFFD-24E6-4AE4-A040-5EA618AAF754}.Release|Any CPU.Build.0 = Release|Any CPU
		{8C6B7422-400B-49CA-8971-29D73ED00B57}.Debug|Any CPU.ActiveCfg = Debug|Any CPU
		{8C6B7422-400B-49CA-8971-29D73ED00B57}.Debug|Any CPU.Build.0 = Debug|Any CPU
		{8C6B7422-400B-49CA-8971-29D73ED00B57}.Release|Any CPU.ActiveCfg = Release|Any CPU
		{8C6B7422-400B-49CA-8971-29D73ED00B57}.Release|Any CPU.Build.0 = Release|Any CPU
		{8CBCB3E0-7312-42BC-9167-95331CE369F2}.Debug|Any CPU.ActiveCfg = Debug|Any CPU
		{8CBCB3E0-7312-42BC-9167-95331CE369F2}.Debug|Any CPU.Build.0 = Debug|Any CPU
		{8CBCB3E0-7312-42BC-9167-95331CE369F2}.Release|Any CPU.ActiveCfg = Release|Any CPU
		{8CBCB3E0-7312-42BC-9167-95331CE369F2}.Release|Any CPU.Build.0 = Release|Any CPU
		{F57D2D47-4640-4DA4-9B5F-15DCC01586CF}.Debug|Any CPU.ActiveCfg = Debug|Any CPU
		{F57D2D47-4640-4DA4-9B5F-15DCC01586CF}.Debug|Any CPU.Build.0 = Debug|Any CPU
		{F57D2D47-4640-4DA4-9B5F-15DCC01586CF}.Release|Any CPU.ActiveCfg = Release|Any CPU
		{F57D2D47-4640-4DA4-9B5F-15DCC01586CF}.Release|Any CPU.Build.0 = Release|Any CPU
		{BCBAB136-92AE-47AB-9929-3144769FBF2B}.Debug|Any CPU.ActiveCfg = Debug|Any CPU
		{BCBAB136-92AE-47AB-9929-3144769FBF2B}.Debug|Any CPU.Build.0 = Debug|Any CPU
		{BCBAB136-92AE-47AB-9929-3144769FBF2B}.Release|Any CPU.ActiveCfg = Release|Any CPU
		{BCBAB136-92AE-47AB-9929-3144769FBF2B}.Release|Any CPU.Build.0 = Release|Any CPU
		{C5DDCDD9-E4B0-4D33-B0BB-6268FAB570C6}.Debug|Any CPU.ActiveCfg = Debug|Any CPU
		{C5DDCDD9-E4B0-4D33-B0BB-6268FAB570C6}.Debug|Any CPU.Build.0 = Debug|Any CPU
		{C5DDCDD9-E4B0-4D33-B0BB-6268FAB570C6}.Release|Any CPU.ActiveCfg = Release|Any CPU
		{C5DDCDD9-E4B0-4D33-B0BB-6268FAB570C6}.Release|Any CPU.Build.0 = Release|Any CPU
		{F1547934-1F9A-47D3-A4F6-1ED1166FE510}.Debug|Any CPU.ActiveCfg = Debug|Any CPU
		{F1547934-1F9A-47D3-A4F6-1ED1166FE510}.Debug|Any CPU.Build.0 = Debug|Any CPU
		{F1547934-1F9A-47D3-A4F6-1ED1166FE510}.Release|Any CPU.ActiveCfg = Release|Any CPU
		{F1547934-1F9A-47D3-A4F6-1ED1166FE510}.Release|Any CPU.Build.0 = Release|Any CPU
		{86A2066E-6209-4E01-80CF-57FB9A3F3664}.Debug|Any CPU.ActiveCfg = Debug|Any CPU
		{86A2066E-6209-4E01-80CF-57FB9A3F3664}.Debug|Any CPU.Build.0 = Debug|Any CPU
		{86A2066E-6209-4E01-80CF-57FB9A3F3664}.Release|Any CPU.ActiveCfg = Release|Any CPU
		{86A2066E-6209-4E01-80CF-57FB9A3F3664}.Release|Any CPU.Build.0 = Release|Any CPU
		{0CCA8DCB-397D-491A-87B6-FA11F418027B}.Debug|Any CPU.ActiveCfg = Debug|Any CPU
		{0CCA8DCB-397D-491A-87B6-FA11F418027B}.Debug|Any CPU.Build.0 = Debug|Any CPU
		{0CCA8DCB-397D-491A-87B6-FA11F418027B}.Release|Any CPU.ActiveCfg = Release|Any CPU
		{0CCA8DCB-397D-491A-87B6-FA11F418027B}.Release|Any CPU.Build.0 = Release|Any CPU
		{5D14B3D4-A73F-4BA0-92D3-C840B4EBF9F9}.Debug|Any CPU.ActiveCfg = Debug|Any CPU
		{5D14B3D4-A73F-4BA0-92D3-C840B4EBF9F9}.Debug|Any CPU.Build.0 = Debug|Any CPU
		{5D14B3D4-A73F-4BA0-92D3-C840B4EBF9F9}.Release|Any CPU.ActiveCfg = Release|Any CPU
		{5D14B3D4-A73F-4BA0-92D3-C840B4EBF9F9}.Release|Any CPU.Build.0 = Release|Any CPU
		{A666EF40-401F-407A-B675-52DA45F78830}.Debug|Any CPU.ActiveCfg = Debug|Any CPU
		{A666EF40-401F-407A-B675-52DA45F78830}.Debug|Any CPU.Build.0 = Debug|Any CPU
		{A666EF40-401F-407A-B675-52DA45F78830}.Release|Any CPU.ActiveCfg = Release|Any CPU
		{A666EF40-401F-407A-B675-52DA45F78830}.Release|Any CPU.Build.0 = Release|Any CPU
		{28DF49B8-CF13-4B89-957A-F8868277BAD8}.Debug|Any CPU.ActiveCfg = Debug|Any CPU
		{28DF49B8-CF13-4B89-957A-F8868277BAD8}.Debug|Any CPU.Build.0 = Debug|Any CPU
		{28DF49B8-CF13-4B89-957A-F8868277BAD8}.Release|Any CPU.ActiveCfg = Release|Any CPU
		{28DF49B8-CF13-4B89-957A-F8868277BAD8}.Release|Any CPU.Build.0 = Release|Any CPU
		{ED106124-41BA-4344-9774-8D1DA5234BEA}.Debug|Any CPU.ActiveCfg = Debug|Any CPU
		{ED106124-41BA-4344-9774-8D1DA5234BEA}.Debug|Any CPU.Build.0 = Debug|Any CPU
		{ED106124-41BA-4344-9774-8D1DA5234BEA}.Release|Any CPU.ActiveCfg = Release|Any CPU
		{ED106124-41BA-4344-9774-8D1DA5234BEA}.Release|Any CPU.Build.0 = Release|Any CPU
		{8B3DC2BF-813A-47B2-8C70-00A4E58B0408}.Debug|Any CPU.ActiveCfg = Debug|Any CPU
		{8B3DC2BF-813A-47B2-8C70-00A4E58B0408}.Debug|Any CPU.Build.0 = Debug|Any CPU
		{8B3DC2BF-813A-47B2-8C70-00A4E58B0408}.Release|Any CPU.ActiveCfg = Release|Any CPU
		{8B3DC2BF-813A-47B2-8C70-00A4E58B0408}.Release|Any CPU.Build.0 = Release|Any CPU
		{8D9E5B3F-6C9A-4485-9A8B-AD2D594AA072}.Debug|Any CPU.ActiveCfg = Debug|Any CPU
		{8D9E5B3F-6C9A-4485-9A8B-AD2D594AA072}.Debug|Any CPU.Build.0 = Debug|Any CPU
		{8D9E5B3F-6C9A-4485-9A8B-AD2D594AA072}.Release|Any CPU.ActiveCfg = Release|Any CPU
		{8D9E5B3F-6C9A-4485-9A8B-AD2D594AA072}.Release|Any CPU.Build.0 = Release|Any CPU
		{D4B11CC2-5594-4BDD-80CE-83960D8057CE}.Debug|Any CPU.ActiveCfg = Debug|Any CPU
		{D4B11CC2-5594-4BDD-80CE-83960D8057CE}.Debug|Any CPU.Build.0 = Debug|Any CPU
		{D4B11CC2-5594-4BDD-80CE-83960D8057CE}.Release|Any CPU.ActiveCfg = Release|Any CPU
		{D4B11CC2-5594-4BDD-80CE-83960D8057CE}.Release|Any CPU.Build.0 = Release|Any CPU
		{D3FCD2BD-186B-4B05-A08E-A0981D376446}.Debug|Any CPU.ActiveCfg = Debug|Any CPU
		{D3FCD2BD-186B-4B05-A08E-A0981D376446}.Debug|Any CPU.Build.0 = Debug|Any CPU
		{D3FCD2BD-186B-4B05-A08E-A0981D376446}.Release|Any CPU.ActiveCfg = Release|Any CPU
		{D3FCD2BD-186B-4B05-A08E-A0981D376446}.Release|Any CPU.Build.0 = Release|Any CPU
		{803F5F3A-55B9-419F-910C-80D265E8C2E7}.Debug|Any CPU.ActiveCfg = Debug|Any CPU
		{803F5F3A-55B9-419F-910C-80D265E8C2E7}.Debug|Any CPU.Build.0 = Debug|Any CPU
		{803F5F3A-55B9-419F-910C-80D265E8C2E7}.Release|Any CPU.ActiveCfg = Release|Any CPU
		{803F5F3A-55B9-419F-910C-80D265E8C2E7}.Release|Any CPU.Build.0 = Release|Any CPU
		{13AAD198-2433-4B15-9AD1-C74B055A5402}.Debug|Any CPU.ActiveCfg = Debug|Any CPU
		{13AAD198-2433-4B15-9AD1-C74B055A5402}.Debug|Any CPU.Build.0 = Debug|Any CPU
		{13AAD198-2433-4B15-9AD1-C74B055A5402}.Release|Any CPU.ActiveCfg = Release|Any CPU
		{13AAD198-2433-4B15-9AD1-C74B055A5402}.Release|Any CPU.Build.0 = Release|Any CPU
		{4D018431-FF53-40B7-97A6-19735CCCD987}.Debug|Any CPU.ActiveCfg = Debug|Any CPU
		{4D018431-FF53-40B7-97A6-19735CCCD987}.Debug|Any CPU.Build.0 = Debug|Any CPU
		{4D018431-FF53-40B7-97A6-19735CCCD987}.Release|Any CPU.ActiveCfg = Release|Any CPU
		{4D018431-FF53-40B7-97A6-19735CCCD987}.Release|Any CPU.Build.0 = Release|Any CPU
		{89CF9BE4-6F76-4E13-B10C-348DAA472C9A}.Debug|Any CPU.ActiveCfg = Debug|Any CPU
		{89CF9BE4-6F76-4E13-B10C-348DAA472C9A}.Debug|Any CPU.Build.0 = Debug|Any CPU
		{89CF9BE4-6F76-4E13-B10C-348DAA472C9A}.Release|Any CPU.ActiveCfg = Release|Any CPU
		{89CF9BE4-6F76-4E13-B10C-348DAA472C9A}.Release|Any CPU.Build.0 = Release|Any CPU
		{80604D2A-7BCF-49E1-A87C-65A62CFE4442}.Debug|Any CPU.ActiveCfg = Debug|Any CPU
		{80604D2A-7BCF-49E1-A87C-65A62CFE4442}.Debug|Any CPU.Build.0 = Debug|Any CPU
		{80604D2A-7BCF-49E1-A87C-65A62CFE4442}.Release|Any CPU.ActiveCfg = Release|Any CPU
		{80604D2A-7BCF-49E1-A87C-65A62CFE4442}.Release|Any CPU.Build.0 = Release|Any CPU
		{02E64B62-B89C-4106-8DB3-923395C4DF97}.Debug|Any CPU.ActiveCfg = Debug|Any CPU
		{02E64B62-B89C-4106-8DB3-923395C4DF97}.Debug|Any CPU.Build.0 = Debug|Any CPU
		{02E64B62-B89C-4106-8DB3-923395C4DF97}.Release|Any CPU.ActiveCfg = Release|Any CPU
		{02E64B62-B89C-4106-8DB3-923395C4DF97}.Release|Any CPU.Build.0 = Release|Any CPU
		{DEA6E2F8-0D66-4D90-9CD5-E234E0BFCFCA}.Debug|Any CPU.ActiveCfg = Debug|Any CPU
		{DEA6E2F8-0D66-4D90-9CD5-E234E0BFCFCA}.Debug|Any CPU.Build.0 = Debug|Any CPU
		{DEA6E2F8-0D66-4D90-9CD5-E234E0BFCFCA}.Release|Any CPU.ActiveCfg = Release|Any CPU
		{DEA6E2F8-0D66-4D90-9CD5-E234E0BFCFCA}.Release|Any CPU.Build.0 = Release|Any CPU
		{FF9A5BCA-84FB-4F5F-BDED-EAEA6F8A63A7}.Debug|Any CPU.ActiveCfg = Debug|Any CPU
		{FF9A5BCA-84FB-4F5F-BDED-EAEA6F8A63A7}.Debug|Any CPU.Build.0 = Debug|Any CPU
		{FF9A5BCA-84FB-4F5F-BDED-EAEA6F8A63A7}.Release|Any CPU.ActiveCfg = Release|Any CPU
		{FF9A5BCA-84FB-4F5F-BDED-EAEA6F8A63A7}.Release|Any CPU.Build.0 = Release|Any CPU
		{C27481A0-97A8-4581-AB44-3C793AD932FB}.Debug|Any CPU.ActiveCfg = Debug|Any CPU
		{C27481A0-97A8-4581-AB44-3C793AD932FB}.Debug|Any CPU.Build.0 = Debug|Any CPU
		{C27481A0-97A8-4581-AB44-3C793AD932FB}.Release|Any CPU.ActiveCfg = Release|Any CPU
		{C27481A0-97A8-4581-AB44-3C793AD932FB}.Release|Any CPU.Build.0 = Release|Any CPU
	EndGlobalSection
	GlobalSection(SolutionProperties) = preSolution
		HideSolutionNode = FALSE
	EndGlobalSection
	GlobalSection(NestedProjects) = preSolution
		{AACD7530-149A-43EE-A093-2D27DD5B00D3} = {D2C43CCA-0468-4FB1-ACA4-B6DDDBDE700E}
		{4FCE842E-611A-439D-A946-3887F0522102} = {D2C43CCA-0468-4FB1-ACA4-B6DDDBDE700E}
		{7A768DDB-B4B0-4625-A12E-F0E2F60DDBA3} = {4FCE842E-611A-439D-A946-3887F0522102}
		{C2FF7D6A-0BEE-4940-B894-3437A44B2473} = {4FCE842E-611A-439D-A946-3887F0522102}
		{166847F3-2165-4F35-9DB3-322B7E00D4E6} = {C2FF7D6A-0BEE-4940-B894-3437A44B2473}
		{0DE363D7-D77B-4510-B9A0-68141563E561} = {C2FF7D6A-0BEE-4940-B894-3437A44B2473}
		{FCEC7D85-58E3-4C51-857A-9546EF682796} = {C2FF7D6A-0BEE-4940-B894-3437A44B2473}
		{35D9A7B8-8224-4E44-BF93-4C213DE81CA7} = {AACD7530-149A-43EE-A093-2D27DD5B00D3}
		{29357C6D-C64F-43A4-AC6F-6613E41C9AE9} = {4FCE842E-611A-439D-A946-3887F0522102}
		{ABD25FC8-480F-4C50-B1C1-77640AFA89A0} = {29357C6D-C64F-43A4-AC6F-6613E41C9AE9}
		{8E33A72E-392F-4985-9038-6D5887EBB8F7} = {29357C6D-C64F-43A4-AC6F-6613E41C9AE9}
		{5A60A6C6-F8D8-4A83-A554-D1769D6A58F1} = {AACD7530-149A-43EE-A093-2D27DD5B00D3}
		{A60FF6CC-57EA-44E2-8C70-407E3CD55C07} = {29357C6D-C64F-43A4-AC6F-6613E41C9AE9}
		{0E6D82CF-0F69-4BC3-AF93-423065C1C9AE} = {7A768DDB-B4B0-4625-A12E-F0E2F60DDBA3}
		{78D545E4-9892-40BA-A0EA-9E678C8D5C9A} = {7A768DDB-B4B0-4625-A12E-F0E2F60DDBA3}
		{D608E347-B70C-472F-9A09-674707ADC67B} = {7A768DDB-B4B0-4625-A12E-F0E2F60DDBA3}
		{DD36286C-63DC-41E6-82AD-2A857A6E4694} = {D2C43CCA-0468-4FB1-ACA4-B6DDDBDE700E}
		{582F4AC9-0500-494F-8AB1-18984E8EB7AC} = {29357C6D-C64F-43A4-AC6F-6613E41C9AE9}
		{BE01D11A-2AA3-4F5F-B0D5-C0DE795666A6} = {C2FF7D6A-0BEE-4940-B894-3437A44B2473}
		{FC6EBFFD-24E6-4AE4-A040-5EA618AAF754} = {AACD7530-149A-43EE-A093-2D27DD5B00D3}
		{37368CF6-943A-4143-8837-1E0FA2FBC8D0} = {4FCE842E-611A-439D-A946-3887F0522102}
		{8C6B7422-400B-49CA-8971-29D73ED00B57} = {37368CF6-943A-4143-8837-1E0FA2FBC8D0}
		{8CBCB3E0-7312-42BC-9167-95331CE369F2} = {37368CF6-943A-4143-8837-1E0FA2FBC8D0}
		{F57D2D47-4640-4DA4-9B5F-15DCC01586CF} = {37368CF6-943A-4143-8837-1E0FA2FBC8D0}
		{BCBAB136-92AE-47AB-9929-3144769FBF2B} = {37368CF6-943A-4143-8837-1E0FA2FBC8D0}
		{C5DDCDD9-E4B0-4D33-B0BB-6268FAB570C6} = {AACD7530-149A-43EE-A093-2D27DD5B00D3}
		{F1547934-1F9A-47D3-A4F6-1ED1166FE510} = {AACD7530-149A-43EE-A093-2D27DD5B00D3}
		{42AE8AD4-70FF-4EB7-A7EA-94D6BFF422AA} = {4FCE842E-611A-439D-A946-3887F0522102}
		{86A2066E-6209-4E01-80CF-57FB9A3F3664} = {42AE8AD4-70FF-4EB7-A7EA-94D6BFF422AA}
		{0CCA8DCB-397D-491A-87B6-FA11F418027B} = {42AE8AD4-70FF-4EB7-A7EA-94D6BFF422AA}
		{5D14B3D4-A73F-4BA0-92D3-C840B4EBF9F9} = {AACD7530-149A-43EE-A093-2D27DD5B00D3}
		{F8BF6E1A-A61D-4620-94BF-6F76D53F2977} = {4FCE842E-611A-439D-A946-3887F0522102}
		{A666EF40-401F-407A-B675-52DA45F78830} = {F8BF6E1A-A61D-4620-94BF-6F76D53F2977}
		{28DF49B8-CF13-4B89-957A-F8868277BAD8} = {F8BF6E1A-A61D-4620-94BF-6F76D53F2977}
		{ED106124-41BA-4344-9774-8D1DA5234BEA} = {F8BF6E1A-A61D-4620-94BF-6F76D53F2977}
		{8B3DC2BF-813A-47B2-8C70-00A4E58B0408} = {F8BF6E1A-A61D-4620-94BF-6F76D53F2977}
		{8D9E5B3F-6C9A-4485-9A8B-AD2D594AA072} = {AACD7530-149A-43EE-A093-2D27DD5B00D3}
		{FAB6A6CA-6057-4891-9EB6-8D0407219822} = {4FCE842E-611A-439D-A946-3887F0522102}
		{D4B11CC2-5594-4BDD-80CE-83960D8057CE} = {FAB6A6CA-6057-4891-9EB6-8D0407219822}
		{D3FCD2BD-186B-4B05-A08E-A0981D376446} = {FAB6A6CA-6057-4891-9EB6-8D0407219822}
		{803F5F3A-55B9-419F-910C-80D265E8C2E7} = {FAB6A6CA-6057-4891-9EB6-8D0407219822}
		{13AAD198-2433-4B15-9AD1-C74B055A5402} = {FAB6A6CA-6057-4891-9EB6-8D0407219822}
		{4D018431-FF53-40B7-97A6-19735CCCD987} = {7A768DDB-B4B0-4625-A12E-F0E2F60DDBA3}
		{C5729589-AD90-4F8F-A743-1DA54B6E0527} = {0646BF04-B70A-4939-BF1F-9810C68B06B1}
		{D759A717-B0F9-4DCE-BADB-EF68056E4F0F} = {C5729589-AD90-4F8F-A743-1DA54B6E0527}
		{C48AF50F-3357-482A-81F6-79D5945B49B3} = {D759A717-B0F9-4DCE-BADB-EF68056E4F0F}
		{F1E10E99-8DD0-4BA7-8172-ABE250ADA792} = {0646BF04-B70A-4939-BF1F-9810C68B06B1}
		{89CF9BE4-6F76-4E13-B10C-348DAA472C9A} = {42AE8AD4-70FF-4EB7-A7EA-94D6BFF422AA}
		{80604D2A-7BCF-49E1-A87C-65A62CFE4442} = {42AE8AD4-70FF-4EB7-A7EA-94D6BFF422AA}
		{E8BE4C5E-BDF6-4BF7-A18A-6D96A114BCA7} = {0646BF04-B70A-4939-BF1F-9810C68B06B1}
		{BB0F3658-6FBD-4FCA-949A-592D1830A978} = {E8BE4C5E-BDF6-4BF7-A18A-6D96A114BCA7}
		{2E67FCCD-29F4-4B89-805B-574EACD87368} = {4FCE842E-611A-439D-A946-3887F0522102}
		{02E64B62-B89C-4106-8DB3-923395C4DF97} = {2E67FCCD-29F4-4B89-805B-574EACD87368}
		{DEA6E2F8-0D66-4D90-9CD5-E234E0BFCFCA} = {2E67FCCD-29F4-4B89-805B-574EACD87368}
		{FF9A5BCA-84FB-4F5F-BDED-EAEA6F8A63A7} = {2E67FCCD-29F4-4B89-805B-574EACD87368}
		{31F977E7-DDBF-4A62-83E9-EB767840C374} = {0646BF04-B70A-4939-BF1F-9810C68B06B1}
		{F31FE0CB-1C0A-44E0-B1DD-EC23C3CAAC1E} = {E4343D5A-9707-40F4-B73F-49595165F7AE}
		{C27481A0-97A8-4581-AB44-3C793AD932FB} = {F31FE0CB-1C0A-44E0-B1DD-EC23C3CAAC1E}
		{E4343D5A-9707-40F4-B73F-49595165F7AE} = {48BBBC87-8C64-40F7-ABD4-78A0BE69E162}
	EndGlobalSection
	GlobalSection(ExtensibilityGlobals) = postSolution
		SolutionGuid = {C24A0A28-5B9B-4659-B244-171070EE9DCF}
	EndGlobalSection
EndGlobal
