
Microsoft Visual Studio Solution File, Format Version 12.00
# Visual Studio Version 17
VisualStudioVersion = 17.11.35327.3
MinimumVisualStudioVersion = 10.0.40219.1
Project("{2150E333-8FDC-42A3-9474-1A3956D46DE8}") = "Shared", "Shared", "{AACD7530-149A-43EE-A093-2D27DD5B00D3}"
EndProject
Project("{2150E333-8FDC-42A3-9474-1A3956D46DE8}") = "Modules", "Modules", "{4FCE842E-611A-439D-A946-3887F0522102}"
EndProject
Project("{2150E333-8FDC-42A3-9474-1A3956D46DE8}") = "Auth", "Auth", "{7A768DDB-B4B0-4625-A12E-F0E2F60DDBA3}"
EndProject
Project("{2150E333-8FDC-42A3-9474-1A3956D46DE8}") = "Catalog", "Catalog", "{C2FF7D6A-0BEE-4940-B894-3437A44B2473}"
EndProject
Project("{9A19103F-16F7-4668-BE54-9A1E7A4F7556}") = "CustomCADs.Catalog.Domain", "CustomCADs.Catalog.Domain\CustomCADs.Catalog.Domain.csproj", "{166847F3-2165-4F35-9DB3-322B7E00D4E6}"
EndProject
Project("{9A19103F-16F7-4668-BE54-9A1E7A4F7556}") = "CustomCADs.Catalog.Persistence", "CustomCADs.Catalog.Persistence\CustomCADs.Catalog.Persistence.csproj", "{0DE363D7-D77B-4510-B9A0-68141563E561}"
EndProject
Project("{9A19103F-16F7-4668-BE54-9A1E7A4F7556}") = "CustomCADs.Catalog.Application", "CustomCADs.Catalog.Application\CustomCADs.Catalog.Application.csproj", "{FCEC7D85-58E3-4C51-857A-9546EF682796}"
EndProject
Project("{9A19103F-16F7-4668-BE54-9A1E7A4F7556}") = "CustomCADs.Catalog.Presentation", "CustomCADs.Catalog.Presentation\CustomCADs.Catalog.Presentation.csproj", "{F0EBE4C9-86E6-4354-B394-3B23EE2859EB}"
EndProject
Project("{9A19103F-16F7-4668-BE54-9A1E7A4F7556}") = "CustomCADs.Auth", "CustomCADs.Auth\CustomCADs.Auth.csproj", "{246E7C32-FF77-4C4C-8BD4-F5CD3B643004}"
EndProject
Project("{9A19103F-16F7-4668-BE54-9A1E7A4F7556}") = "CustomCADs.Shared.Domain", "CustomCADs.Shared.Domain\CustomCADs.Shared.Domain.csproj", "{658DB37D-B368-496D-A117-DF028F966C60}"
EndProject
Project("{9A19103F-16F7-4668-BE54-9A1E7A4F7556}") = "CustomCADs.Shared.Presentation", "CustomCADs.Shared.Presentation\CustomCADs.Shared.Presentation.csproj", "{F4CE1A9B-7B90-4A22-A14E-450903DA4616}"
EndProject
Project("{9A19103F-16F7-4668-BE54-9A1E7A4F7556}") = "CustomCADs.Shared.Infrastructure", "CustomCADs.Shared.Infrastructure\CustomCADs.Shared.Infrastructure.csproj", "{35D9A7B8-8224-4E44-BF93-4C213DE81CA7}"
EndProject
Project("{9A19103F-16F7-4668-BE54-9A1E7A4F7556}") = "CustomCADs.Shared.Application", "CustomCADs.Shared.Application\CustomCADs.Shared.Application.csproj", "{24E8668A-F7D8-45D8-8B5B-A2898FD49F84}"
EndProject
Project("{2150E333-8FDC-42A3-9474-1A3956D46DE8}") = "Account", "Account", "{29357C6D-C64F-43A4-AC6F-6613E41C9AE9}"
EndProject
Project("{9A19103F-16F7-4668-BE54-9A1E7A4F7556}") = "CustomCADs.Account.Domain", "CustomCADs.Account.Domain\CustomCADs.Account.Domain.csproj", "{ABD25FC8-480F-4C50-B1C1-77640AFA89A0}"
EndProject
Project("{9A19103F-16F7-4668-BE54-9A1E7A4F7556}") = "CustomCADs.Account.Persistence", "CustomCADs.Account.Persistence\CustomCADs.Account.Persistence.csproj", "{8E33A72E-392F-4985-9038-6D5887EBB8F7}"
EndProject
Project("{9A19103F-16F7-4668-BE54-9A1E7A4F7556}") = "CustomCADs.Shared.Persistence", "CustomCADs.Shared.Persistence\CustomCADs.Shared.Persistence.csproj", "{5A60A6C6-F8D8-4A83-A554-D1769D6A58F1}"
EndProject
Project("{9A19103F-16F7-4668-BE54-9A1E7A4F7556}") = "CustomCADs.Account.Application", "CustomCADs.Account.Application\CustomCADs.Account.Application.csproj", "{A60FF6CC-57EA-44E2-8C70-407E3CD55C07}"
EndProject
Project("{9A19103F-16F7-4668-BE54-9A1E7A4F7556}") = "CustomCADs.Shared.Events", "CustomCADs.Shared.Events\CustomCADs.Shared.Events.csproj", "{E949F721-1006-4898-BAED-F6DDCF32C84D}"
EndProject
Project("{FAE04EC0-301F-11D3-BF4B-00C04F79EFBC}") = "CustomCADs.Auth.Infrastructure", "CustomCADs.Auth.Infrastructure\CustomCADs.Auth.Infrastructure.csproj", "{0E6D82CF-0F69-4BC3-AF93-423065C1C9AE}"
EndProject
Global
	GlobalSection(SolutionConfigurationPlatforms) = preSolution
		Debug|Any CPU = Debug|Any CPU
		Release|Any CPU = Release|Any CPU
	EndGlobalSection
	GlobalSection(ProjectConfigurationPlatforms) = postSolution
		{166847F3-2165-4F35-9DB3-322B7E00D4E6}.Debug|Any CPU.ActiveCfg = Debug|Any CPU
		{166847F3-2165-4F35-9DB3-322B7E00D4E6}.Debug|Any CPU.Build.0 = Debug|Any CPU
		{166847F3-2165-4F35-9DB3-322B7E00D4E6}.Release|Any CPU.ActiveCfg = Release|Any CPU
		{166847F3-2165-4F35-9DB3-322B7E00D4E6}.Release|Any CPU.Build.0 = Release|Any CPU
		{0DE363D7-D77B-4510-B9A0-68141563E561}.Debug|Any CPU.ActiveCfg = Debug|Any CPU
		{0DE363D7-D77B-4510-B9A0-68141563E561}.Debug|Any CPU.Build.0 = Debug|Any CPU
		{0DE363D7-D77B-4510-B9A0-68141563E561}.Release|Any CPU.ActiveCfg = Release|Any CPU
		{0DE363D7-D77B-4510-B9A0-68141563E561}.Release|Any CPU.Build.0 = Release|Any CPU
		{FCEC7D85-58E3-4C51-857A-9546EF682796}.Debug|Any CPU.ActiveCfg = Debug|Any CPU
		{FCEC7D85-58E3-4C51-857A-9546EF682796}.Debug|Any CPU.Build.0 = Debug|Any CPU
		{FCEC7D85-58E3-4C51-857A-9546EF682796}.Release|Any CPU.ActiveCfg = Release|Any CPU
		{FCEC7D85-58E3-4C51-857A-9546EF682796}.Release|Any CPU.Build.0 = Release|Any CPU
		{F0EBE4C9-86E6-4354-B394-3B23EE2859EB}.Debug|Any CPU.ActiveCfg = Debug|Any CPU
		{F0EBE4C9-86E6-4354-B394-3B23EE2859EB}.Debug|Any CPU.Build.0 = Debug|Any CPU
		{F0EBE4C9-86E6-4354-B394-3B23EE2859EB}.Release|Any CPU.ActiveCfg = Release|Any CPU
		{F0EBE4C9-86E6-4354-B394-3B23EE2859EB}.Release|Any CPU.Build.0 = Release|Any CPU
		{246E7C32-FF77-4C4C-8BD4-F5CD3B643004}.Debug|Any CPU.ActiveCfg = Debug|Any CPU
		{246E7C32-FF77-4C4C-8BD4-F5CD3B643004}.Debug|Any CPU.Build.0 = Debug|Any CPU
		{246E7C32-FF77-4C4C-8BD4-F5CD3B643004}.Release|Any CPU.ActiveCfg = Release|Any CPU
		{246E7C32-FF77-4C4C-8BD4-F5CD3B643004}.Release|Any CPU.Build.0 = Release|Any CPU
		{658DB37D-B368-496D-A117-DF028F966C60}.Debug|Any CPU.ActiveCfg = Debug|Any CPU
		{658DB37D-B368-496D-A117-DF028F966C60}.Debug|Any CPU.Build.0 = Debug|Any CPU
		{658DB37D-B368-496D-A117-DF028F966C60}.Release|Any CPU.ActiveCfg = Release|Any CPU
		{658DB37D-B368-496D-A117-DF028F966C60}.Release|Any CPU.Build.0 = Release|Any CPU
		{F4CE1A9B-7B90-4A22-A14E-450903DA4616}.Debug|Any CPU.ActiveCfg = Debug|Any CPU
		{F4CE1A9B-7B90-4A22-A14E-450903DA4616}.Debug|Any CPU.Build.0 = Debug|Any CPU
		{F4CE1A9B-7B90-4A22-A14E-450903DA4616}.Release|Any CPU.ActiveCfg = Release|Any CPU
		{F4CE1A9B-7B90-4A22-A14E-450903DA4616}.Release|Any CPU.Build.0 = Release|Any CPU
		{35D9A7B8-8224-4E44-BF93-4C213DE81CA7}.Debug|Any CPU.ActiveCfg = Debug|Any CPU
		{35D9A7B8-8224-4E44-BF93-4C213DE81CA7}.Debug|Any CPU.Build.0 = Debug|Any CPU
		{35D9A7B8-8224-4E44-BF93-4C213DE81CA7}.Release|Any CPU.ActiveCfg = Release|Any CPU
		{35D9A7B8-8224-4E44-BF93-4C213DE81CA7}.Release|Any CPU.Build.0 = Release|Any CPU
		{24E8668A-F7D8-45D8-8B5B-A2898FD49F84}.Debug|Any CPU.ActiveCfg = Debug|Any CPU
		{24E8668A-F7D8-45D8-8B5B-A2898FD49F84}.Debug|Any CPU.Build.0 = Debug|Any CPU
		{24E8668A-F7D8-45D8-8B5B-A2898FD49F84}.Release|Any CPU.ActiveCfg = Release|Any CPU
		{24E8668A-F7D8-45D8-8B5B-A2898FD49F84}.Release|Any CPU.Build.0 = Release|Any CPU
		{ABD25FC8-480F-4C50-B1C1-77640AFA89A0}.Debug|Any CPU.ActiveCfg = Debug|Any CPU
		{ABD25FC8-480F-4C50-B1C1-77640AFA89A0}.Debug|Any CPU.Build.0 = Debug|Any CPU
		{ABD25FC8-480F-4C50-B1C1-77640AFA89A0}.Release|Any CPU.ActiveCfg = Release|Any CPU
		{ABD25FC8-480F-4C50-B1C1-77640AFA89A0}.Release|Any CPU.Build.0 = Release|Any CPU
		{8E33A72E-392F-4985-9038-6D5887EBB8F7}.Debug|Any CPU.ActiveCfg = Debug|Any CPU
		{8E33A72E-392F-4985-9038-6D5887EBB8F7}.Debug|Any CPU.Build.0 = Debug|Any CPU
		{8E33A72E-392F-4985-9038-6D5887EBB8F7}.Release|Any CPU.ActiveCfg = Release|Any CPU
		{8E33A72E-392F-4985-9038-6D5887EBB8F7}.Release|Any CPU.Build.0 = Release|Any CPU
		{5A60A6C6-F8D8-4A83-A554-D1769D6A58F1}.Debug|Any CPU.ActiveCfg = Debug|Any CPU
		{5A60A6C6-F8D8-4A83-A554-D1769D6A58F1}.Debug|Any CPU.Build.0 = Debug|Any CPU
		{5A60A6C6-F8D8-4A83-A554-D1769D6A58F1}.Release|Any CPU.ActiveCfg = Release|Any CPU
		{5A60A6C6-F8D8-4A83-A554-D1769D6A58F1}.Release|Any CPU.Build.0 = Release|Any CPU
		{A60FF6CC-57EA-44E2-8C70-407E3CD55C07}.Debug|Any CPU.ActiveCfg = Debug|Any CPU
		{A60FF6CC-57EA-44E2-8C70-407E3CD55C07}.Debug|Any CPU.Build.0 = Debug|Any CPU
		{A60FF6CC-57EA-44E2-8C70-407E3CD55C07}.Release|Any CPU.ActiveCfg = Release|Any CPU
		{A60FF6CC-57EA-44E2-8C70-407E3CD55C07}.Release|Any CPU.Build.0 = Release|Any CPU
		{E949F721-1006-4898-BAED-F6DDCF32C84D}.Debug|Any CPU.ActiveCfg = Debug|Any CPU
		{E949F721-1006-4898-BAED-F6DDCF32C84D}.Debug|Any CPU.Build.0 = Debug|Any CPU
		{E949F721-1006-4898-BAED-F6DDCF32C84D}.Release|Any CPU.ActiveCfg = Release|Any CPU
		{E949F721-1006-4898-BAED-F6DDCF32C84D}.Release|Any CPU.Build.0 = Release|Any CPU
		{0E6D82CF-0F69-4BC3-AF93-423065C1C9AE}.Debug|Any CPU.ActiveCfg = Debug|Any CPU
		{0E6D82CF-0F69-4BC3-AF93-423065C1C9AE}.Debug|Any CPU.Build.0 = Debug|Any CPU
		{0E6D82CF-0F69-4BC3-AF93-423065C1C9AE}.Release|Any CPU.ActiveCfg = Release|Any CPU
		{0E6D82CF-0F69-4BC3-AF93-423065C1C9AE}.Release|Any CPU.Build.0 = Release|Any CPU
	EndGlobalSection
	GlobalSection(SolutionProperties) = preSolution
		HideSolutionNode = FALSE
	EndGlobalSection
	GlobalSection(NestedProjects) = preSolution
		{7A768DDB-B4B0-4625-A12E-F0E2F60DDBA3} = {4FCE842E-611A-439D-A946-3887F0522102}
		{C2FF7D6A-0BEE-4940-B894-3437A44B2473} = {4FCE842E-611A-439D-A946-3887F0522102}
		{166847F3-2165-4F35-9DB3-322B7E00D4E6} = {C2FF7D6A-0BEE-4940-B894-3437A44B2473}
		{0DE363D7-D77B-4510-B9A0-68141563E561} = {C2FF7D6A-0BEE-4940-B894-3437A44B2473}
		{FCEC7D85-58E3-4C51-857A-9546EF682796} = {C2FF7D6A-0BEE-4940-B894-3437A44B2473}
		{F0EBE4C9-86E6-4354-B394-3B23EE2859EB} = {C2FF7D6A-0BEE-4940-B894-3437A44B2473}
		{246E7C32-FF77-4C4C-8BD4-F5CD3B643004} = {7A768DDB-B4B0-4625-A12E-F0E2F60DDBA3}
		{658DB37D-B368-496D-A117-DF028F966C60} = {AACD7530-149A-43EE-A093-2D27DD5B00D3}
		{F4CE1A9B-7B90-4A22-A14E-450903DA4616} = {AACD7530-149A-43EE-A093-2D27DD5B00D3}
		{35D9A7B8-8224-4E44-BF93-4C213DE81CA7} = {AACD7530-149A-43EE-A093-2D27DD5B00D3}
		{24E8668A-F7D8-45D8-8B5B-A2898FD49F84} = {AACD7530-149A-43EE-A093-2D27DD5B00D3}
		{29357C6D-C64F-43A4-AC6F-6613E41C9AE9} = {4FCE842E-611A-439D-A946-3887F0522102}
		{ABD25FC8-480F-4C50-B1C1-77640AFA89A0} = {29357C6D-C64F-43A4-AC6F-6613E41C9AE9}
		{8E33A72E-392F-4985-9038-6D5887EBB8F7} = {29357C6D-C64F-43A4-AC6F-6613E41C9AE9}
		{5A60A6C6-F8D8-4A83-A554-D1769D6A58F1} = {AACD7530-149A-43EE-A093-2D27DD5B00D3}
		{A60FF6CC-57EA-44E2-8C70-407E3CD55C07} = {29357C6D-C64F-43A4-AC6F-6613E41C9AE9}
		{E949F721-1006-4898-BAED-F6DDCF32C84D} = {AACD7530-149A-43EE-A093-2D27DD5B00D3}
		{0E6D82CF-0F69-4BC3-AF93-423065C1C9AE} = {7A768DDB-B4B0-4625-A12E-F0E2F60DDBA3}
	EndGlobalSection
	GlobalSection(ExtensibilityGlobals) = postSolution
		SolutionGuid = {C24A0A28-5B9B-4659-B244-171070EE9DCF}
	EndGlobalSection
EndGlobal
